// !$*UTF8*$!
{
	archiveVersion = 1;
	classes = {
	};
	objectVersion = 46;
	objects = {

/* Begin PBXBuildFile section */
		1F27EADA1C27713D00D8FF5A /* atheism.plist in Resources */ = {isa = PBXBuildFile; fileRef = 1F27EAD91C27713D00D8FF5A /* atheism.plist */; };
		1F27EADC1C27714C00D8FF5A /* creationists.plist in Resources */ = {isa = PBXBuildFile; fileRef = 1F27EADB1C27714C00D8FF5A /* creationists.plist */; };
		1F27EAE01C27716E00D8FF5A /* evolution.plist in Resources */ = {isa = PBXBuildFile; fileRef = 1F27EADF1C27716E00D8FF5A /* evolution.plist */; };
		1F27EAE21C2771BD00D8FF5A /* smalley.plist in Resources */ = {isa = PBXBuildFile; fileRef = 1F27EAE11C2771BD00D8FF5A /* smalley.plist */; };
		1F27EAE41C27732700D8FF5A /* RWDebaterViewController.swift in Sources */ = {isa = PBXBuildFile; fileRef = 1F27EAE31C27732700D8FF5A /* RWDebaterViewController.swift */; };
		1F27EAE61C2773FE00D8FF5A /* RWDebaterViewController.xib in Resources */ = {isa = PBXBuildFile; fileRef = 1F27EAE51C2773FE00D8FF5A /* RWDebaterViewController.xib */; };
		1F27EAE81C2777AF00D8FF5A /* RWDebaterViewModel.swift in Sources */ = {isa = PBXBuildFile; fileRef = 1F27EAE71C2777AF00D8FF5A /* RWDebaterViewModel.swift */; };
		1F27EAEA1C27811F00D8FF5A /* RWDebaterCollectionViewCell.xib in Resources */ = {isa = PBXBuildFile; fileRef = 1F27EAE91C27811F00D8FF5A /* RWDebaterCollectionViewCell.xib */; };
		1F27EAEC1C27815100D8FF5A /* RWDebaterCollectionViewCell.swift in Sources */ = {isa = PBXBuildFile; fileRef = 1F27EAEB1C27815100D8FF5A /* RWDebaterCollectionViewCell.swift */; };
		1F45DDAD1B2E51FF00086116 /* main.m in Sources */ = {isa = PBXBuildFile; fileRef = 1F45DDAC1B2E51FF00086116 /* main.m */; };
		1F45DDB01B2E51FF00086116 /* AppDelegate.m in Sources */ = {isa = PBXBuildFile; fileRef = 1F45DDAF1B2E51FF00086116 /* AppDelegate.m */; };
		1F45DDBB1B2E51FF00086116 /* Images.xcassets in Resources */ = {isa = PBXBuildFile; fileRef = 1F45DDBA1B2E51FF00086116 /* Images.xcassets */; };
		1F45DDBE1B2E51FF00086116 /* LaunchScreen.xib in Resources */ = {isa = PBXBuildFile; fileRef = 1F45DDBC1B2E51FF00086116 /* LaunchScreen.xib */; };
		1F45DDCA1B2E51FF00086116 /* DogmaDebateTests.m in Sources */ = {isa = PBXBuildFile; fileRef = 1F45DDC91B2E51FF00086116 /* DogmaDebateTests.m */; };
		1F45DDDC1B2E588F00086116 /* RWPodcastCollectionViewCell.xib in Resources */ = {isa = PBXBuildFile; fileRef = 1F45DDDB1B2E588F00086116 /* RWPodcastCollectionViewCell.xib */; };
		1F45DDDD1B2E588F00086116 /* RWPodcastCollectionViewCell.xib in Resources */ = {isa = PBXBuildFile; fileRef = 1F45DDDB1B2E588F00086116 /* RWPodcastCollectionViewCell.xib */; };
		1F45DDFF1B3A04DA00086116 /* RWMoreViewController.m in Sources */ = {isa = PBXBuildFile; fileRef = 1F45DDFD1B3A04DA00086116 /* RWMoreViewController.m */; };
		1F45DE001B3A04DA00086116 /* RWMoreViewController.m in Sources */ = {isa = PBXBuildFile; fileRef = 1F45DDFD1B3A04DA00086116 /* RWMoreViewController.m */; };
		1F45DE011B3A04DA00086116 /* RWMoreViewController.xib in Resources */ = {isa = PBXBuildFile; fileRef = 1F45DDFE1B3A04DA00086116 /* RWMoreViewController.xib */; };
		1F45DE021B3A04DA00086116 /* RWMoreViewController.xib in Resources */ = {isa = PBXBuildFile; fileRef = 1F45DDFE1B3A04DA00086116 /* RWMoreViewController.xib */; };
		1F45DE061B3AE52F00086116 /* RWMoreTableViewCell.m in Sources */ = {isa = PBXBuildFile; fileRef = 1F45DE041B3AE52F00086116 /* RWMoreTableViewCell.m */; };
		1F45DE071B3AE52F00086116 /* RWMoreTableViewCell.m in Sources */ = {isa = PBXBuildFile; fileRef = 1F45DE041B3AE52F00086116 /* RWMoreTableViewCell.m */; };
		1F45DE081B3AE52F00086116 /* RWMoreTableViewCell.xib in Resources */ = {isa = PBXBuildFile; fileRef = 1F45DE051B3AE52F00086116 /* RWMoreTableViewCell.xib */; };
		1F45DE091B3AE52F00086116 /* RWMoreTableViewCell.xib in Resources */ = {isa = PBXBuildFile; fileRef = 1F45DE051B3AE52F00086116 /* RWMoreTableViewCell.xib */; };
		1F45DE181B3B37E800086116 /* RWEventTableViewCell.m in Sources */ = {isa = PBXBuildFile; fileRef = 1F45DE161B3B37E800086116 /* RWEventTableViewCell.m */; };
		1F45DE191B3B37E800086116 /* RWEventTableViewCell.m in Sources */ = {isa = PBXBuildFile; fileRef = 1F45DE161B3B37E800086116 /* RWEventTableViewCell.m */; };
		1F45DE1A1B3B37E800086116 /* RWEventTableViewCell.xib in Resources */ = {isa = PBXBuildFile; fileRef = 1F45DE171B3B37E800086116 /* RWEventTableViewCell.xib */; };
		1F45DE1B1B3B37E800086116 /* RWEventTableViewCell.xib in Resources */ = {isa = PBXBuildFile; fileRef = 1F45DE171B3B37E800086116 /* RWEventTableViewCell.xib */; };
		1F45DE1D1B3B46DC00086116 /* RWEventHeaderView.xib in Resources */ = {isa = PBXBuildFile; fileRef = 1F45DE1C1B3B46DC00086116 /* RWEventHeaderView.xib */; };
		1F45DE1E1B3B46DC00086116 /* RWEventHeaderView.xib in Resources */ = {isa = PBXBuildFile; fileRef = 1F45DE1C1B3B46DC00086116 /* RWEventHeaderView.xib */; };
		1F45DE211B3B488C00086116 /* RWEventHeaderView.m in Sources */ = {isa = PBXBuildFile; fileRef = 1F45DE201B3B488C00086116 /* RWEventHeaderView.m */; };
		1F45DE221B3B488C00086116 /* RWEventHeaderView.m in Sources */ = {isa = PBXBuildFile; fileRef = 1F45DE201B3B488C00086116 /* RWEventHeaderView.m */; };
		1F45DE2C1B3B546700086116 /* RWStyleControls.m in Sources */ = {isa = PBXBuildFile; fileRef = 1F45DE2B1B3B546700086116 /* RWStyleControls.m */; };
		1F45DE2D1B3B546700086116 /* RWStyleControls.m in Sources */ = {isa = PBXBuildFile; fileRef = 1F45DE2B1B3B546700086116 /* RWStyleControls.m */; };
		1F45DE481B3C5AFF00086116 /* RWCollectionViewController.m in Sources */ = {isa = PBXBuildFile; fileRef = 1F45DE461B3C5AFF00086116 /* RWCollectionViewController.m */; };
		1F45DE491B3C5AFF00086116 /* RWCollectionViewController.m in Sources */ = {isa = PBXBuildFile; fileRef = 1F45DE461B3C5AFF00086116 /* RWCollectionViewController.m */; };
		1F45DE4A1B3C5AFF00086116 /* RWCollectionViewController.xib in Resources */ = {isa = PBXBuildFile; fileRef = 1F45DE471B3C5AFF00086116 /* RWCollectionViewController.xib */; };
		1F45DE4B1B3C5AFF00086116 /* RWCollectionViewController.xib in Resources */ = {isa = PBXBuildFile; fileRef = 1F45DE471B3C5AFF00086116 /* RWCollectionViewController.xib */; };
		1F45DE4F1B3C8B6F00086116 /* RWCollectionViewCell.m in Sources */ = {isa = PBXBuildFile; fileRef = 1F45DE4D1B3C8B6F00086116 /* RWCollectionViewCell.m */; };
		1F45DE501B3C8B6F00086116 /* RWCollectionViewCell.m in Sources */ = {isa = PBXBuildFile; fileRef = 1F45DE4D1B3C8B6F00086116 /* RWCollectionViewCell.m */; };
		1F45DE511B3C8B6F00086116 /* RWCollectionViewCell.xib in Resources */ = {isa = PBXBuildFile; fileRef = 1F45DE4E1B3C8B6F00086116 /* RWCollectionViewCell.xib */; };
		1F45DE521B3C8B6F00086116 /* RWCollectionViewCell.xib in Resources */ = {isa = PBXBuildFile; fileRef = 1F45DE4E1B3C8B6F00086116 /* RWCollectionViewCell.xib */; };
		1F45DE5C1B40743100086116 /* RWCollectionViewTransitionAnimator.m in Sources */ = {isa = PBXBuildFile; fileRef = 1F45DE5B1B40743100086116 /* RWCollectionViewTransitionAnimator.m */; };
		1F45DE5D1B40743100086116 /* RWCollectionViewTransitionAnimator.m in Sources */ = {isa = PBXBuildFile; fileRef = 1F45DE5B1B40743100086116 /* RWCollectionViewTransitionAnimator.m */; };
		1F528DA41BFAC96D00FDAD50 /* DDPodcastOperation.swift in Sources */ = {isa = PBXBuildFile; fileRef = 1F528DA31BFAC96D00FDAD50 /* DDPodcastOperation.swift */; };
		1F528DA71BFE8FF100FDAD50 /* RWPodcast.swift in Sources */ = {isa = PBXBuildFile; fileRef = 1F528DA61BFE8FF100FDAD50 /* RWPodcast.swift */; };
		1F528DAC1C14FBA800FDAD50 /* RWPodcastsViewModel.swift in Sources */ = {isa = PBXBuildFile; fileRef = 1F528DAB1C14FBA800FDAD50 /* RWPodcastsViewModel.swift */; };
		1F5D5CA71B4635210074FBC8 /* RWPodcastViewController.m in Sources */ = {isa = PBXBuildFile; fileRef = 1F5D5CA51B4635210074FBC8 /* RWPodcastViewController.m */; };
		1F5D5CA81B4635210074FBC8 /* RWPodcastViewController.m in Sources */ = {isa = PBXBuildFile; fileRef = 1F5D5CA51B4635210074FBC8 /* RWPodcastViewController.m */; };
		1F5D5CB71B46E79A0074FBC8 /* RWFourthListenerViewController.xib in Resources */ = {isa = PBXBuildFile; fileRef = 1F5D5CB41B46E79A0074FBC8 /* RWFourthListenerViewController.xib */; };
		1F5D5CB81B46E79A0074FBC8 /* RWFourthListenerViewController.xib in Resources */ = {isa = PBXBuildFile; fileRef = 1F5D5CB41B46E79A0074FBC8 /* RWFourthListenerViewController.xib */; };
		1F5D5CBE1B46F4CA0074FBC8 /* RWFourthLoginViewController.xib in Resources */ = {isa = PBXBuildFile; fileRef = 1F5D5CBB1B46F4CA0074FBC8 /* RWFourthLoginViewController.xib */; };
		1F5D5CBF1B46F4CA0074FBC8 /* RWFourthLoginViewController.xib in Resources */ = {isa = PBXBuildFile; fileRef = 1F5D5CBB1B46F4CA0074FBC8 /* RWFourthLoginViewController.xib */; };
		1F5D5CC31B47264C0074FBC8 /* RWAboutUsViewController.m in Sources */ = {isa = PBXBuildFile; fileRef = 1F5D5CC11B47264C0074FBC8 /* RWAboutUsViewController.m */; };
		1F5D5CC41B47264C0074FBC8 /* RWAboutUsViewController.m in Sources */ = {isa = PBXBuildFile; fileRef = 1F5D5CC11B47264C0074FBC8 /* RWAboutUsViewController.m */; };
		1F5D5CC51B47264C0074FBC8 /* RWAboutUsViewController.xib in Resources */ = {isa = PBXBuildFile; fileRef = 1F5D5CC21B47264C0074FBC8 /* RWAboutUsViewController.xib */; };
		1F5D5CC61B47264C0074FBC8 /* RWAboutUsViewController.xib in Resources */ = {isa = PBXBuildFile; fileRef = 1F5D5CC21B47264C0074FBC8 /* RWAboutUsViewController.xib */; };
		1F5D5CCA1B4727140074FBC8 /* RWAboutUsTableViewCell.m in Sources */ = {isa = PBXBuildFile; fileRef = 1F5D5CC81B4727140074FBC8 /* RWAboutUsTableViewCell.m */; };
		1F5D5CCB1B4727140074FBC8 /* RWAboutUsTableViewCell.m in Sources */ = {isa = PBXBuildFile; fileRef = 1F5D5CC81B4727140074FBC8 /* RWAboutUsTableViewCell.m */; };
		1F5D5CCC1B4727140074FBC8 /* RWAboutUsTableViewCell.xib in Resources */ = {isa = PBXBuildFile; fileRef = 1F5D5CC91B4727140074FBC8 /* RWAboutUsTableViewCell.xib */; };
		1F5D5CCD1B4727140074FBC8 /* RWAboutUsTableViewCell.xib in Resources */ = {isa = PBXBuildFile; fileRef = 1F5D5CC91B4727140074FBC8 /* RWAboutUsTableViewCell.xib */; };
		1F5D5CD01B472BE80074FBC8 /* RWStaffInfo.m in Sources */ = {isa = PBXBuildFile; fileRef = 1F5D5CCF1B472BE80074FBC8 /* RWStaffInfo.m */; };
		1F5D5CD11B472BE80074FBC8 /* RWStaffInfo.m in Sources */ = {isa = PBXBuildFile; fileRef = 1F5D5CCF1B472BE80074FBC8 /* RWStaffInfo.m */; };
		1F5D5CD51B473E0B0074FBC8 /* RWPartnerViewController.m in Sources */ = {isa = PBXBuildFile; fileRef = 1F5D5CD31B473E0B0074FBC8 /* RWPartnerViewController.m */; };
		1F5D5CD61B473E0B0074FBC8 /* RWPartnerViewController.m in Sources */ = {isa = PBXBuildFile; fileRef = 1F5D5CD31B473E0B0074FBC8 /* RWPartnerViewController.m */; };
		1F5D5CD71B473E0B0074FBC8 /* RWPartnerViewController.xib in Resources */ = {isa = PBXBuildFile; fileRef = 1F5D5CD41B473E0B0074FBC8 /* RWPartnerViewController.xib */; };
		1F5D5CD81B473E0B0074FBC8 /* RWPartnerViewController.xib in Resources */ = {isa = PBXBuildFile; fileRef = 1F5D5CD41B473E0B0074FBC8 /* RWPartnerViewController.xib */; };
		1F5D5CDB1B473EA00074FBC8 /* RWPartner.m in Sources */ = {isa = PBXBuildFile; fileRef = 1F5D5CDA1B473EA00074FBC8 /* RWPartner.m */; };
		1F5D5CDC1B473EA00074FBC8 /* RWPartner.m in Sources */ = {isa = PBXBuildFile; fileRef = 1F5D5CDA1B473EA00074FBC8 /* RWPartner.m */; };
		1F5D5CE01B4769F30074FBC8 /* RWFAQViewController.m in Sources */ = {isa = PBXBuildFile; fileRef = 1F5D5CDE1B4769F30074FBC8 /* RWFAQViewController.m */; };
		1F5D5CE11B4769F30074FBC8 /* RWFAQViewController.m in Sources */ = {isa = PBXBuildFile; fileRef = 1F5D5CDE1B4769F30074FBC8 /* RWFAQViewController.m */; };
		1F5D5CE21B4769F30074FBC8 /* RWFAQViewController.xib in Resources */ = {isa = PBXBuildFile; fileRef = 1F5D5CDF1B4769F30074FBC8 /* RWFAQViewController.xib */; };
		1F5D5CE31B4769F30074FBC8 /* RWFAQViewController.xib in Resources */ = {isa = PBXBuildFile; fileRef = 1F5D5CDF1B4769F30074FBC8 /* RWFAQViewController.xib */; };
		1F5D5CF41B4B7A3F0074FBC8 /* AudioToolbox.framework in Frameworks */ = {isa = PBXBuildFile; fileRef = 1F5D5CE41B4B71280074FBC8 /* AudioToolbox.framework */; };
		1F73FC411C15044B0050FB28 /* RWPodcastsViewController.swift in Sources */ = {isa = PBXBuildFile; fileRef = 1F73FC401C15044B0050FB28 /* RWPodcastsViewController.swift */; };
		1FE4DE9C1C17B4A30092575D /* RWPodcastsViewController.xib in Resources */ = {isa = PBXBuildFile; fileRef = 1FE4DE9B1C17B4A30092575D /* RWPodcastsViewController.xib */; };
		1FE4DEA11C17C70B0092575D /* DogmaDebateProtocol.swift in Sources */ = {isa = PBXBuildFile; fileRef = 1FE4DEA01C17C70B0092575D /* DogmaDebateProtocol.swift */; };
		1FE4DEA31C1A605E0092575D /* RWPodcastCellViewModel.swift in Sources */ = {isa = PBXBuildFile; fileRef = 1FE4DEA21C1A605E0092575D /* RWPodcastCellViewModel.swift */; };
		1FE4DEA51C1A62D50092575D /* RWPodcastCollectionViewCell.swift in Sources */ = {isa = PBXBuildFile; fileRef = 1FE4DEA41C1A62D50092575D /* RWPodcastCollectionViewCell.swift */; };
		700DCD961CF60BA000433925 /* RWSignUpWebViewController.storyboard in Resources */ = {isa = PBXBuildFile; fileRef = 700DCD951CF60BA000433925 /* RWSignUpWebViewController.storyboard */; };
		700DCD9E1CF60C3F00433925 /* RWSignUpWebViewController.swift in Sources */ = {isa = PBXBuildFile; fileRef = 700DCD9D1CF60C3F00433925 /* RWSignUpWebViewController.swift */; };
		700DCDA21CF7650100433925 /* RWQuoteTableViewCell.swift in Sources */ = {isa = PBXBuildFile; fileRef = 700DCDA11CF7650100433925 /* RWQuoteTableViewCell.swift */; };
		700DCDA41CF7682900433925 /* RWQuoteTableViewCell.xib in Resources */ = {isa = PBXBuildFile; fileRef = 700DCDA31CF7682900433925 /* RWQuoteTableViewCell.xib */; };
		701E181E1C434FA1005D7339 /* RWFourthLoginViewModel.swift in Sources */ = {isa = PBXBuildFile; fileRef = 701E181D1C434FA1005D7339 /* RWFourthLoginViewModel.swift */; };
		702917261C28C82B00F64075 /* RWBibleViewController.swift in Sources */ = {isa = PBXBuildFile; fileRef = 702917251C28C82B00F64075 /* RWBibleViewController.swift */; };
		702917281C28C9CF00F64075 /* RWBibleViewModel.swift in Sources */ = {isa = PBXBuildFile; fileRef = 702917271C28C9CF00F64075 /* RWBibleViewModel.swift */; };
		7029172A1C28CA4200F64075 /* RWDebateTopicsViewController.swift in Sources */ = {isa = PBXBuildFile; fileRef = 702917291C28CA4200F64075 /* RWDebateTopicsViewController.swift */; };
		7029172C1C28CAC700F64075 /* RWDebateTopicsViewController.xib in Resources */ = {isa = PBXBuildFile; fileRef = 7029172B1C28CAC700F64075 /* RWDebateTopicsViewController.xib */; };
		7029172E1C28CB6E00F64075 /* RWDebateTopicsViewModel.swift in Sources */ = {isa = PBXBuildFile; fileRef = 7029172D1C28CB6E00F64075 /* RWDebateTopicsViewModel.swift */; };
		702917301C28DCC600F64075 /* RWAtheismObject.swift in Sources */ = {isa = PBXBuildFile; fileRef = 7029172F1C28DCC600F64075 /* RWAtheismObject.swift */; };
		703600E21D008E6D00D3746D /* UIDeviceExtension.swift in Sources */ = {isa = PBXBuildFile; fileRef = 703600E11D008E6D00D3746D /* UIDeviceExtension.swift */; };
		703600E41D009BF400D3746D /* contradictions.plist in Resources */ = {isa = PBXBuildFile; fileRef = 703600E31D009BF400D3746D /* contradictions.plist */; };
		703600E61D009C7E00D3746D /* RWBibleObject.swift in Sources */ = {isa = PBXBuildFile; fileRef = 703600E51D009C7E00D3746D /* RWBibleObject.swift */; };
		703600E81D009F2400D3746D /* RWBibleViewController.storyboard in Resources */ = {isa = PBXBuildFile; fileRef = 703600E71D009F2400D3746D /* RWBibleViewController.storyboard */; };
		7088767B1CACBA9E0089DC73 /* RWSignUpViewController.xib in Resources */ = {isa = PBXBuildFile; fileRef = 7088767A1CACBA9E0089DC73 /* RWSignUpViewController.xib */; };
		708876891CD5A8320089DC73 /* UIWidgetCustomizer.swift in Sources */ = {isa = PBXBuildFile; fileRef = 708876881CD5A8320089DC73 /* UIWidgetCustomizer.swift */; };
		70A1B3031CEE97E000B97840 /* RWMoviePlayerController.storyboard in Resources */ = {isa = PBXBuildFile; fileRef = 70A1B3021CEE97E000B97840 /* RWMoviePlayerController.storyboard */; };
		70A1B3101CEFB12D00B97840 /* RWMemberPackageViewController.storyboard in Resources */ = {isa = PBXBuildFile; fileRef = 70A1B30F1CEFB12D00B97840 /* RWMemberPackageViewController.storyboard */; };
		70A1B3121CEFB14100B97840 /* RWMemberPackageViewController.swift in Sources */ = {isa = PBXBuildFile; fileRef = 70A1B3111CEFB14100B97840 /* RWMemberPackageViewController.swift */; };
		70BFE7D21C3E039E004A5D1A /* Clips in Resources */ = {isa = PBXBuildFile; fileRef = 70BFE7D11C3E039E004A5D1A /* Clips */; };
		70BFE7D41C3E043F004A5D1A /* sounds.plist in Resources */ = {isa = PBXBuildFile; fileRef = 70BFE7D31C3E043F004A5D1A /* sounds.plist */; };
		70BFE7D61C3E06BF004A5D1A /* RWDropsViewController.swift in Sources */ = {isa = PBXBuildFile; fileRef = 70BFE7D51C3E06BF004A5D1A /* RWDropsViewController.swift */; };
		70BFE7D81C3E07EA004A5D1A /* RWDropsTableViewCell.swift in Sources */ = {isa = PBXBuildFile; fileRef = 70BFE7D71C3E07EA004A5D1A /* RWDropsTableViewCell.swift */; };
		70BFE7DA1C3E082C004A5D1A /* RWDropsTableViewCell.xib in Resources */ = {isa = PBXBuildFile; fileRef = 70BFE7D91C3E082C004A5D1A /* RWDropsTableViewCell.xib */; };
		70BFE7DC1C3E0955004A5D1A /* RWDropsViewController.xib in Resources */ = {isa = PBXBuildFile; fileRef = 70BFE7DB1C3E0955004A5D1A /* RWDropsViewController.xib */; };
		70BFE7DE1C3E09CC004A5D1A /* RWDropsViewModel.swift in Sources */ = {isa = PBXBuildFile; fileRef = 70BFE7DD1C3E09CC004A5D1A /* RWDropsViewModel.swift */; };
		70BFE7E01C3E0BCE004A5D1A /* RWDrop.swift in Sources */ = {isa = PBXBuildFile; fileRef = 70BFE7DF1C3E0BCE004A5D1A /* RWDrop.swift */; };
		70CEF3F11CA3317300630BD1 /* AVFoundation.framework in Frameworks */ = {isa = PBXBuildFile; fileRef = 1F5D5CE61B4B712E0074FBC8 /* AVFoundation.framework */; };
		70CEF3F51CA3318400630BD1 /* CoreMedia.framework in Frameworks */ = {isa = PBXBuildFile; fileRef = 70CEF3F41CA3318400630BD1 /* CoreMedia.framework */; };
		70DE24451C29FD420050C2B8 /* RWCreationistObject.swift in Sources */ = {isa = PBXBuildFile; fileRef = 70DE24441C29FD420050C2B8 /* RWCreationistObject.swift */; };
		70DE24471C29FDD10050C2B8 /* RWAskCreationistsViewModel.swift in Sources */ = {isa = PBXBuildFile; fileRef = 70DE24461C29FDD10050C2B8 /* RWAskCreationistsViewModel.swift */; };
		70DE24491C29FF880050C2B8 /* RWAskCreationistsViewController.swift in Sources */ = {isa = PBXBuildFile; fileRef = 70DE24481C29FF880050C2B8 /* RWAskCreationistsViewController.swift */; };
		70DE244B1C2A00210050C2B8 /* RWAskCreationistsViewController.xib in Resources */ = {isa = PBXBuildFile; fileRef = 70DE244A1C2A00210050C2B8 /* RWAskCreationistsViewController.xib */; };
		70DE244D1C2A02400050C2B8 /* RWEvolutionObject.swift in Sources */ = {isa = PBXBuildFile; fileRef = 70DE244C1C2A02400050C2B8 /* RWEvolutionObject.swift */; };
		70DE244F1C2A027D0050C2B8 /* RWEvolutionViewModel.swift in Sources */ = {isa = PBXBuildFile; fileRef = 70DE244E1C2A027D0050C2B8 /* RWEvolutionViewModel.swift */; };
		70DE24511C2A039F0050C2B8 /* RWEvolutionViewController.swift in Sources */ = {isa = PBXBuildFile; fileRef = 70DE24501C2A039F0050C2B8 /* RWEvolutionViewController.swift */; };
		70DE24531C2A04B60050C2B8 /* RWQuoteObject.swift in Sources */ = {isa = PBXBuildFile; fileRef = 70DE24521C2A04B60050C2B8 /* RWQuoteObject.swift */; };
		70DE24551C2A05250050C2B8 /* RWQuoteViewModel.swift in Sources */ = {isa = PBXBuildFile; fileRef = 70DE24541C2A05250050C2B8 /* RWQuoteViewModel.swift */; };
		70DE24571C2A07D00050C2B8 /* RWQuotesViewController.swift in Sources */ = {isa = PBXBuildFile; fileRef = 70DE24561C2A07D00050C2B8 /* RWQuotesViewController.swift */; };
		70DE24591C2A091E0050C2B8 /* RWEvolutionViewController.xib in Resources */ = {isa = PBXBuildFile; fileRef = 70DE24581C2A091E0050C2B8 /* RWEvolutionViewController.xib */; };
		70DE245B1C2A09C70050C2B8 /* RWQuotesViewController.xib in Resources */ = {isa = PBXBuildFile; fileRef = 70DE245A1C2A09C70050C2B8 /* RWQuotesViewController.xib */; };
		70DE245D1C2A0E9F0050C2B8 /* RWPodcastPlayerViewController.swift in Sources */ = {isa = PBXBuildFile; fileRef = 70DE245C1C2A0E9F0050C2B8 /* RWPodcastPlayerViewController.swift */; };
		70DE245F1C2A0EE00050C2B8 /* RWPodcastPlayerViewController.xib in Resources */ = {isa = PBXBuildFile; fileRef = 70DE245E1C2A0EE00050C2B8 /* RWPodcastPlayerViewController.xib */; };
		70E0EE441C29C26300E647DE /* RWDebaterTopicTableViewCell.swift in Sources */ = {isa = PBXBuildFile; fileRef = 70E0EE431C29C26300E647DE /* RWDebaterTopicTableViewCell.swift */; };
		70E0EE461C29C2A200E647DE /* RWDebaterTopicTableViewCell.xib in Resources */ = {isa = PBXBuildFile; fileRef = 70E0EE451C29C2A200E647DE /* RWDebaterTopicTableViewCell.xib */; };
		70EDD4BE1CF2695700953480 /* PayPalPaymentViewController.storyboard in Resources */ = {isa = PBXBuildFile; fileRef = 70EDD4BD1CF2695700953480 /* PayPalPaymentViewController.storyboard */; };
/* End PBXBuildFile section */

/* Begin PBXContainerItemProxy section */
		1F45DDC41B2E51FF00086116 /* PBXContainerItemProxy */ = {
			isa = PBXContainerItemProxy;
			containerPortal = 1F45DD9F1B2E51FF00086116 /* Project object */;
			proxyType = 1;
			remoteGlobalIDString = 1F45DDA61B2E51FF00086116;
			remoteInfo = DogmaDebate;
		};
/* End PBXContainerItemProxy section */

/* Begin PBXFileReference section */
		1F27EAD91C27713D00D8FF5A /* atheism.plist */ = {isa = PBXFileReference; fileEncoding = 4; lastKnownFileType = text.plist.xml; path = atheism.plist; sourceTree = "<group>"; };
		1F27EADB1C27714C00D8FF5A /* creationists.plist */ = {isa = PBXFileReference; fileEncoding = 4; lastKnownFileType = text.plist.xml; path = creationists.plist; sourceTree = "<group>"; };
		1F27EADF1C27716E00D8FF5A /* evolution.plist */ = {isa = PBXFileReference; fileEncoding = 4; lastKnownFileType = text.plist.xml; path = evolution.plist; sourceTree = "<group>"; };
		1F27EAE11C2771BD00D8FF5A /* smalley.plist */ = {isa = PBXFileReference; fileEncoding = 4; lastKnownFileType = text.plist.xml; path = smalley.plist; sourceTree = "<group>"; };
		1F27EAE31C27732700D8FF5A /* RWDebaterViewController.swift */ = {isa = PBXFileReference; fileEncoding = 4; lastKnownFileType = sourcecode.swift; path = RWDebaterViewController.swift; sourceTree = "<group>"; };
		1F27EAE51C2773FE00D8FF5A /* RWDebaterViewController.xib */ = {isa = PBXFileReference; fileEncoding = 4; lastKnownFileType = file.xib; path = RWDebaterViewController.xib; sourceTree = "<group>"; };
		1F27EAE71C2777AF00D8FF5A /* RWDebaterViewModel.swift */ = {isa = PBXFileReference; fileEncoding = 4; lastKnownFileType = sourcecode.swift; path = RWDebaterViewModel.swift; sourceTree = "<group>"; };
		1F27EAE91C27811F00D8FF5A /* RWDebaterCollectionViewCell.xib */ = {isa = PBXFileReference; fileEncoding = 4; lastKnownFileType = file.xib; path = RWDebaterCollectionViewCell.xib; sourceTree = "<group>"; };
		1F27EAEB1C27815100D8FF5A /* RWDebaterCollectionViewCell.swift */ = {isa = PBXFileReference; fileEncoding = 4; lastKnownFileType = sourcecode.swift; path = RWDebaterCollectionViewCell.swift; sourceTree = "<group>"; };
		1F45DDA71B2E51FF00086116 /* Dogma Debate.app */ = {isa = PBXFileReference; explicitFileType = wrapper.application; includeInIndex = 0; path = "Dogma Debate.app"; sourceTree = BUILT_PRODUCTS_DIR; };
		1F45DDAB1B2E51FF00086116 /* Info.plist */ = {isa = PBXFileReference; lastKnownFileType = text.plist.xml; path = Info.plist; sourceTree = "<group>"; };
		1F45DDAC1B2E51FF00086116 /* main.m */ = {isa = PBXFileReference; lastKnownFileType = sourcecode.c.objc; path = main.m; sourceTree = "<group>"; };
		1F45DDAE1B2E51FF00086116 /* AppDelegate.h */ = {isa = PBXFileReference; lastKnownFileType = sourcecode.c.h; path = AppDelegate.h; sourceTree = "<group>"; };
		1F45DDAF1B2E51FF00086116 /* AppDelegate.m */ = {isa = PBXFileReference; lastKnownFileType = sourcecode.c.objc; path = AppDelegate.m; sourceTree = "<group>"; };
		1F45DDBA1B2E51FF00086116 /* Images.xcassets */ = {isa = PBXFileReference; lastKnownFileType = folder.assetcatalog; path = Images.xcassets; sourceTree = "<group>"; };
		1F45DDBD1B2E51FF00086116 /* Base */ = {isa = PBXFileReference; lastKnownFileType = file.xib; name = Base; path = Base.lproj/LaunchScreen.xib; sourceTree = "<group>"; };
		1F45DDC31B2E51FF00086116 /* DogmaDebateTests.xctest */ = {isa = PBXFileReference; explicitFileType = wrapper.cfbundle; includeInIndex = 0; path = DogmaDebateTests.xctest; sourceTree = BUILT_PRODUCTS_DIR; };
		1F45DDC81B2E51FF00086116 /* Info.plist */ = {isa = PBXFileReference; lastKnownFileType = text.plist.xml; path = Info.plist; sourceTree = "<group>"; };
		1F45DDC91B2E51FF00086116 /* DogmaDebateTests.m */ = {isa = PBXFileReference; lastKnownFileType = sourcecode.c.objc; path = DogmaDebateTests.m; sourceTree = "<group>"; };
		1F45DDDB1B2E588F00086116 /* RWPodcastCollectionViewCell.xib */ = {isa = PBXFileReference; fileEncoding = 4; lastKnownFileType = file.xib; path = RWPodcastCollectionViewCell.xib; sourceTree = "<group>"; };
		1F45DDFC1B3A04DA00086116 /* RWMoreViewController.h */ = {isa = PBXFileReference; fileEncoding = 4; lastKnownFileType = sourcecode.c.h; path = RWMoreViewController.h; sourceTree = "<group>"; };
		1F45DDFD1B3A04DA00086116 /* RWMoreViewController.m */ = {isa = PBXFileReference; fileEncoding = 4; lastKnownFileType = sourcecode.c.objc; path = RWMoreViewController.m; sourceTree = "<group>"; };
		1F45DDFE1B3A04DA00086116 /* RWMoreViewController.xib */ = {isa = PBXFileReference; fileEncoding = 4; lastKnownFileType = file.xib; path = RWMoreViewController.xib; sourceTree = "<group>"; };
		1F45DE031B3AE52F00086116 /* RWMoreTableViewCell.h */ = {isa = PBXFileReference; fileEncoding = 4; lastKnownFileType = sourcecode.c.h; path = RWMoreTableViewCell.h; sourceTree = "<group>"; };
		1F45DE041B3AE52F00086116 /* RWMoreTableViewCell.m */ = {isa = PBXFileReference; fileEncoding = 4; lastKnownFileType = sourcecode.c.objc; path = RWMoreTableViewCell.m; sourceTree = "<group>"; };
		1F45DE051B3AE52F00086116 /* RWMoreTableViewCell.xib */ = {isa = PBXFileReference; fileEncoding = 4; lastKnownFileType = file.xib; path = RWMoreTableViewCell.xib; sourceTree = "<group>"; };
		1F45DE151B3B37E800086116 /* RWEventTableViewCell.h */ = {isa = PBXFileReference; fileEncoding = 4; lastKnownFileType = sourcecode.c.h; path = RWEventTableViewCell.h; sourceTree = "<group>"; };
		1F45DE161B3B37E800086116 /* RWEventTableViewCell.m */ = {isa = PBXFileReference; fileEncoding = 4; lastKnownFileType = sourcecode.c.objc; path = RWEventTableViewCell.m; sourceTree = "<group>"; };
		1F45DE171B3B37E800086116 /* RWEventTableViewCell.xib */ = {isa = PBXFileReference; fileEncoding = 4; lastKnownFileType = file.xib; path = RWEventTableViewCell.xib; sourceTree = "<group>"; };
		1F45DE1C1B3B46DC00086116 /* RWEventHeaderView.xib */ = {isa = PBXFileReference; fileEncoding = 4; lastKnownFileType = file.xib; path = RWEventHeaderView.xib; sourceTree = "<group>"; };
		1F45DE1F1B3B488C00086116 /* RWEventHeaderView.h */ = {isa = PBXFileReference; fileEncoding = 4; lastKnownFileType = sourcecode.c.h; path = RWEventHeaderView.h; sourceTree = "<group>"; };
		1F45DE201B3B488C00086116 /* RWEventHeaderView.m */ = {isa = PBXFileReference; fileEncoding = 4; lastKnownFileType = sourcecode.c.objc; path = RWEventHeaderView.m; sourceTree = "<group>"; };
		1F45DE2A1B3B546700086116 /* RWStyleControls.h */ = {isa = PBXFileReference; fileEncoding = 4; lastKnownFileType = sourcecode.c.h; path = RWStyleControls.h; sourceTree = "<group>"; };
		1F45DE2B1B3B546700086116 /* RWStyleControls.m */ = {isa = PBXFileReference; fileEncoding = 4; lastKnownFileType = sourcecode.c.objc; path = RWStyleControls.m; sourceTree = "<group>"; };
		1F45DE451B3C5AFF00086116 /* RWCollectionViewController.h */ = {isa = PBXFileReference; fileEncoding = 4; lastKnownFileType = sourcecode.c.h; path = RWCollectionViewController.h; sourceTree = "<group>"; };
		1F45DE461B3C5AFF00086116 /* RWCollectionViewController.m */ = {isa = PBXFileReference; fileEncoding = 4; lastKnownFileType = sourcecode.c.objc; path = RWCollectionViewController.m; sourceTree = "<group>"; };
		1F45DE471B3C5AFF00086116 /* RWCollectionViewController.xib */ = {isa = PBXFileReference; fileEncoding = 4; lastKnownFileType = file.xib; path = RWCollectionViewController.xib; sourceTree = "<group>"; };
		1F45DE4C1B3C8B6F00086116 /* RWCollectionViewCell.h */ = {isa = PBXFileReference; fileEncoding = 4; lastKnownFileType = sourcecode.c.h; path = RWCollectionViewCell.h; sourceTree = "<group>"; };
		1F45DE4D1B3C8B6F00086116 /* RWCollectionViewCell.m */ = {isa = PBXFileReference; fileEncoding = 4; lastKnownFileType = sourcecode.c.objc; path = RWCollectionViewCell.m; sourceTree = "<group>"; };
		1F45DE4E1B3C8B6F00086116 /* RWCollectionViewCell.xib */ = {isa = PBXFileReference; fileEncoding = 4; lastKnownFileType = file.xib; path = RWCollectionViewCell.xib; sourceTree = "<group>"; };
		1F45DE5A1B40743100086116 /* RWCollectionViewTransitionAnimator.h */ = {isa = PBXFileReference; fileEncoding = 4; lastKnownFileType = sourcecode.c.h; path = RWCollectionViewTransitionAnimator.h; sourceTree = "<group>"; };
		1F45DE5B1B40743100086116 /* RWCollectionViewTransitionAnimator.m */ = {isa = PBXFileReference; fileEncoding = 4; lastKnownFileType = sourcecode.c.objc; path = RWCollectionViewTransitionAnimator.m; sourceTree = "<group>"; };
		1F528DA21BFAC96C00FDAD50 /* DogmaDebate-Bridging-Header.h */ = {isa = PBXFileReference; lastKnownFileType = sourcecode.c.h; path = "DogmaDebate-Bridging-Header.h"; sourceTree = "<group>"; };
		1F528DA31BFAC96D00FDAD50 /* DDPodcastOperation.swift */ = {isa = PBXFileReference; fileEncoding = 4; lastKnownFileType = sourcecode.swift; path = DDPodcastOperation.swift; sourceTree = "<group>"; };
		1F528DA61BFE8FF100FDAD50 /* RWPodcast.swift */ = {isa = PBXFileReference; fileEncoding = 4; lastKnownFileType = sourcecode.swift; path = RWPodcast.swift; sourceTree = "<group>"; };
		1F528DAB1C14FBA800FDAD50 /* RWPodcastsViewModel.swift */ = {isa = PBXFileReference; fileEncoding = 4; lastKnownFileType = sourcecode.swift; path = RWPodcastsViewModel.swift; sourceTree = "<group>"; };
		1F5D5CA41B4635210074FBC8 /* RWPodcastViewController.h */ = {isa = PBXFileReference; fileEncoding = 4; lastKnownFileType = sourcecode.c.h; path = RWPodcastViewController.h; sourceTree = "<group>"; };
		1F5D5CA51B4635210074FBC8 /* RWPodcastViewController.m */ = {isa = PBXFileReference; fileEncoding = 4; lastKnownFileType = sourcecode.c.objc; path = RWPodcastViewController.m; sourceTree = "<group>"; };
		1F5D5CB41B46E79A0074FBC8 /* RWFourthListenerViewController.xib */ = {isa = PBXFileReference; fileEncoding = 4; lastKnownFileType = file.xib; path = RWFourthListenerViewController.xib; sourceTree = "<group>"; };
		1F5D5CBB1B46F4CA0074FBC8 /* RWFourthLoginViewController.xib */ = {isa = PBXFileReference; fileEncoding = 4; lastKnownFileType = file.xib; path = RWFourthLoginViewController.xib; sourceTree = "<group>"; };
		1F5D5CC01B47264C0074FBC8 /* RWAboutUsViewController.h */ = {isa = PBXFileReference; fileEncoding = 4; lastKnownFileType = sourcecode.c.h; path = RWAboutUsViewController.h; sourceTree = "<group>"; };
		1F5D5CC11B47264C0074FBC8 /* RWAboutUsViewController.m */ = {isa = PBXFileReference; fileEncoding = 4; lastKnownFileType = sourcecode.c.objc; path = RWAboutUsViewController.m; sourceTree = "<group>"; };
		1F5D5CC21B47264C0074FBC8 /* RWAboutUsViewController.xib */ = {isa = PBXFileReference; fileEncoding = 4; lastKnownFileType = file.xib; path = RWAboutUsViewController.xib; sourceTree = "<group>"; };
		1F5D5CC71B4727140074FBC8 /* RWAboutUsTableViewCell.h */ = {isa = PBXFileReference; fileEncoding = 4; lastKnownFileType = sourcecode.c.h; path = RWAboutUsTableViewCell.h; sourceTree = "<group>"; };
		1F5D5CC81B4727140074FBC8 /* RWAboutUsTableViewCell.m */ = {isa = PBXFileReference; fileEncoding = 4; lastKnownFileType = sourcecode.c.objc; path = RWAboutUsTableViewCell.m; sourceTree = "<group>"; };
		1F5D5CC91B4727140074FBC8 /* RWAboutUsTableViewCell.xib */ = {isa = PBXFileReference; fileEncoding = 4; lastKnownFileType = file.xib; path = RWAboutUsTableViewCell.xib; sourceTree = "<group>"; };
		1F5D5CCE1B472BE80074FBC8 /* RWStaffInfo.h */ = {isa = PBXFileReference; fileEncoding = 4; lastKnownFileType = sourcecode.c.h; path = RWStaffInfo.h; sourceTree = "<group>"; };
		1F5D5CCF1B472BE80074FBC8 /* RWStaffInfo.m */ = {isa = PBXFileReference; fileEncoding = 4; lastKnownFileType = sourcecode.c.objc; path = RWStaffInfo.m; sourceTree = "<group>"; };
		1F5D5CD21B473E0B0074FBC8 /* RWPartnerViewController.h */ = {isa = PBXFileReference; fileEncoding = 4; lastKnownFileType = sourcecode.c.h; path = RWPartnerViewController.h; sourceTree = "<group>"; };
		1F5D5CD31B473E0B0074FBC8 /* RWPartnerViewController.m */ = {isa = PBXFileReference; fileEncoding = 4; lastKnownFileType = sourcecode.c.objc; path = RWPartnerViewController.m; sourceTree = "<group>"; };
		1F5D5CD41B473E0B0074FBC8 /* RWPartnerViewController.xib */ = {isa = PBXFileReference; fileEncoding = 4; lastKnownFileType = file.xib; path = RWPartnerViewController.xib; sourceTree = "<group>"; };
		1F5D5CD91B473EA00074FBC8 /* RWPartner.h */ = {isa = PBXFileReference; fileEncoding = 4; lastKnownFileType = sourcecode.c.h; path = RWPartner.h; sourceTree = "<group>"; };
		1F5D5CDA1B473EA00074FBC8 /* RWPartner.m */ = {isa = PBXFileReference; fileEncoding = 4; lastKnownFileType = sourcecode.c.objc; path = RWPartner.m; sourceTree = "<group>"; };
		1F5D5CDD1B4769F30074FBC8 /* RWFAQViewController.h */ = {isa = PBXFileReference; fileEncoding = 4; lastKnownFileType = sourcecode.c.h; path = RWFAQViewController.h; sourceTree = "<group>"; };
		1F5D5CDE1B4769F30074FBC8 /* RWFAQViewController.m */ = {isa = PBXFileReference; fileEncoding = 4; lastKnownFileType = sourcecode.c.objc; path = RWFAQViewController.m; sourceTree = "<group>"; };
		1F5D5CDF1B4769F30074FBC8 /* RWFAQViewController.xib */ = {isa = PBXFileReference; fileEncoding = 4; lastKnownFileType = file.xib; path = RWFAQViewController.xib; sourceTree = "<group>"; };
		1F5D5CE41B4B71280074FBC8 /* AudioToolbox.framework */ = {isa = PBXFileReference; lastKnownFileType = wrapper.framework; name = AudioToolbox.framework; path = System/Library/Frameworks/AudioToolbox.framework; sourceTree = SDKROOT; };
		1F5D5CE61B4B712E0074FBC8 /* AVFoundation.framework */ = {isa = PBXFileReference; lastKnownFileType = wrapper.framework; name = AVFoundation.framework; path = System/Library/Frameworks/AVFoundation.framework; sourceTree = SDKROOT; };
		1F5D5CE81B4B713F0074FBC8 /* CoreAudio.framework */ = {isa = PBXFileReference; lastKnownFileType = wrapper.framework; name = CoreAudio.framework; path = System/Library/Frameworks/CoreAudio.framework; sourceTree = SDKROOT; };
		1F5D5CED1B4B73BA0074FBC8 /* AVKit.framework */ = {isa = PBXFileReference; lastKnownFileType = wrapper.framework; name = AVKit.framework; path = System/Library/Frameworks/AVKit.framework; sourceTree = SDKROOT; };
		1F73FC401C15044B0050FB28 /* RWPodcastsViewController.swift */ = {isa = PBXFileReference; fileEncoding = 4; lastKnownFileType = sourcecode.swift; path = RWPodcastsViewController.swift; sourceTree = "<group>"; };
		1FE4DE9B1C17B4A30092575D /* RWPodcastsViewController.xib */ = {isa = PBXFileReference; fileEncoding = 4; lastKnownFileType = file.xib; path = RWPodcastsViewController.xib; sourceTree = "<group>"; };
		1FE4DEA01C17C70B0092575D /* DogmaDebateProtocol.swift */ = {isa = PBXFileReference; fileEncoding = 4; lastKnownFileType = sourcecode.swift; path = DogmaDebateProtocol.swift; sourceTree = "<group>"; };
		1FE4DEA21C1A605E0092575D /* RWPodcastCellViewModel.swift */ = {isa = PBXFileReference; fileEncoding = 4; lastKnownFileType = sourcecode.swift; path = RWPodcastCellViewModel.swift; sourceTree = "<group>"; };
		1FE4DEA41C1A62D50092575D /* RWPodcastCollectionViewCell.swift */ = {isa = PBXFileReference; fileEncoding = 4; lastKnownFileType = sourcecode.swift; path = RWPodcastCollectionViewCell.swift; sourceTree = "<group>"; };
		700DCD951CF60BA000433925 /* RWSignUpWebViewController.storyboard */ = {isa = PBXFileReference; fileEncoding = 4; lastKnownFileType = file.storyboard; path = RWSignUpWebViewController.storyboard; sourceTree = "<group>"; };
		700DCD9D1CF60C3F00433925 /* RWSignUpWebViewController.swift */ = {isa = PBXFileReference; fileEncoding = 4; lastKnownFileType = sourcecode.swift; path = RWSignUpWebViewController.swift; sourceTree = "<group>"; };
		700DCDA11CF7650100433925 /* RWQuoteTableViewCell.swift */ = {isa = PBXFileReference; fileEncoding = 4; lastKnownFileType = sourcecode.swift; path = RWQuoteTableViewCell.swift; sourceTree = "<group>"; };
		700DCDA31CF7682900433925 /* RWQuoteTableViewCell.xib */ = {isa = PBXFileReference; fileEncoding = 4; lastKnownFileType = file.xib; path = RWQuoteTableViewCell.xib; sourceTree = "<group>"; };
		701E181D1C434FA1005D7339 /* RWFourthLoginViewModel.swift */ = {isa = PBXFileReference; fileEncoding = 4; lastKnownFileType = sourcecode.swift; path = RWFourthLoginViewModel.swift; sourceTree = "<group>"; };
		702917251C28C82B00F64075 /* RWBibleViewController.swift */ = {isa = PBXFileReference; fileEncoding = 4; lastKnownFileType = sourcecode.swift; path = RWBibleViewController.swift; sourceTree = "<group>"; };
		702917271C28C9CF00F64075 /* RWBibleViewModel.swift */ = {isa = PBXFileReference; fileEncoding = 4; lastKnownFileType = sourcecode.swift; path = RWBibleViewModel.swift; sourceTree = "<group>"; };
		702917291C28CA4200F64075 /* RWDebateTopicsViewController.swift */ = {isa = PBXFileReference; fileEncoding = 4; lastKnownFileType = sourcecode.swift; path = RWDebateTopicsViewController.swift; sourceTree = "<group>"; };
		7029172B1C28CAC700F64075 /* RWDebateTopicsViewController.xib */ = {isa = PBXFileReference; fileEncoding = 4; lastKnownFileType = file.xib; path = RWDebateTopicsViewController.xib; sourceTree = "<group>"; };
		7029172D1C28CB6E00F64075 /* RWDebateTopicsViewModel.swift */ = {isa = PBXFileReference; fileEncoding = 4; lastKnownFileType = sourcecode.swift; path = RWDebateTopicsViewModel.swift; sourceTree = "<group>"; };
		7029172F1C28DCC600F64075 /* RWAtheismObject.swift */ = {isa = PBXFileReference; fileEncoding = 4; lastKnownFileType = sourcecode.swift; path = RWAtheismObject.swift; sourceTree = "<group>"; };
		703600E11D008E6D00D3746D /* UIDeviceExtension.swift */ = {isa = PBXFileReference; fileEncoding = 4; lastKnownFileType = sourcecode.swift; path = UIDeviceExtension.swift; sourceTree = "<group>"; };
		703600E31D009BF400D3746D /* contradictions.plist */ = {isa = PBXFileReference; fileEncoding = 4; lastKnownFileType = text.plist.xml; path = contradictions.plist; sourceTree = "<group>"; };
		703600E51D009C7E00D3746D /* RWBibleObject.swift */ = {isa = PBXFileReference; fileEncoding = 4; lastKnownFileType = sourcecode.swift; path = RWBibleObject.swift; sourceTree = "<group>"; };
		703600E71D009F2400D3746D /* RWBibleViewController.storyboard */ = {isa = PBXFileReference; fileEncoding = 4; lastKnownFileType = file.storyboard; path = RWBibleViewController.storyboard; sourceTree = "<group>"; };
		7088767A1CACBA9E0089DC73 /* RWSignUpViewController.xib */ = {isa = PBXFileReference; fileEncoding = 4; lastKnownFileType = file.xib; path = RWSignUpViewController.xib; sourceTree = "<group>"; };
		708876881CD5A8320089DC73 /* UIWidgetCustomizer.swift */ = {isa = PBXFileReference; fileEncoding = 4; lastKnownFileType = sourcecode.swift; path = UIWidgetCustomizer.swift; sourceTree = "<group>"; };
		70A1B3021CEE97E000B97840 /* RWMoviePlayerController.storyboard */ = {isa = PBXFileReference; fileEncoding = 4; lastKnownFileType = file.storyboard; path = RWMoviePlayerController.storyboard; sourceTree = "<group>"; };
		70A1B30F1CEFB12D00B97840 /* RWMemberPackageViewController.storyboard */ = {isa = PBXFileReference; fileEncoding = 4; lastKnownFileType = file.storyboard; path = RWMemberPackageViewController.storyboard; sourceTree = "<group>"; };
		70A1B3111CEFB14100B97840 /* RWMemberPackageViewController.swift */ = {isa = PBXFileReference; fileEncoding = 4; lastKnownFileType = sourcecode.swift; path = RWMemberPackageViewController.swift; sourceTree = "<group>"; };
		70BFE7D11C3E039E004A5D1A /* Clips */ = {isa = PBXFileReference; lastKnownFileType = folder; path = Clips; sourceTree = "<group>"; };
		70BFE7D31C3E043F004A5D1A /* sounds.plist */ = {isa = PBXFileReference; fileEncoding = 4; lastKnownFileType = text.plist.xml; path = sounds.plist; sourceTree = "<group>"; };
		70BFE7D51C3E06BF004A5D1A /* RWDropsViewController.swift */ = {isa = PBXFileReference; fileEncoding = 4; lastKnownFileType = sourcecode.swift; path = RWDropsViewController.swift; sourceTree = "<group>"; };
		70BFE7D71C3E07EA004A5D1A /* RWDropsTableViewCell.swift */ = {isa = PBXFileReference; fileEncoding = 4; lastKnownFileType = sourcecode.swift; path = RWDropsTableViewCell.swift; sourceTree = "<group>"; };
		70BFE7D91C3E082C004A5D1A /* RWDropsTableViewCell.xib */ = {isa = PBXFileReference; fileEncoding = 4; lastKnownFileType = file.xib; path = RWDropsTableViewCell.xib; sourceTree = "<group>"; };
		70BFE7DB1C3E0955004A5D1A /* RWDropsViewController.xib */ = {isa = PBXFileReference; fileEncoding = 4; lastKnownFileType = file.xib; path = RWDropsViewController.xib; sourceTree = "<group>"; };
		70BFE7DD1C3E09CC004A5D1A /* RWDropsViewModel.swift */ = {isa = PBXFileReference; fileEncoding = 4; lastKnownFileType = sourcecode.swift; path = RWDropsViewModel.swift; sourceTree = "<group>"; };
		70BFE7DF1C3E0BCE004A5D1A /* RWDrop.swift */ = {isa = PBXFileReference; fileEncoding = 4; lastKnownFileType = sourcecode.swift; path = RWDrop.swift; sourceTree = "<group>"; };
		70CEF3F41CA3318400630BD1 /* CoreMedia.framework */ = {isa = PBXFileReference; lastKnownFileType = wrapper.framework; name = CoreMedia.framework; path = System/Library/Frameworks/CoreMedia.framework; sourceTree = SDKROOT; };
		70DE24441C29FD420050C2B8 /* RWCreationistObject.swift */ = {isa = PBXFileReference; fileEncoding = 4; lastKnownFileType = sourcecode.swift; path = RWCreationistObject.swift; sourceTree = "<group>"; };
		70DE24461C29FDD10050C2B8 /* RWAskCreationistsViewModel.swift */ = {isa = PBXFileReference; fileEncoding = 4; lastKnownFileType = sourcecode.swift; path = RWAskCreationistsViewModel.swift; sourceTree = "<group>"; };
		70DE24481C29FF880050C2B8 /* RWAskCreationistsViewController.swift */ = {isa = PBXFileReference; fileEncoding = 4; lastKnownFileType = sourcecode.swift; path = RWAskCreationistsViewController.swift; sourceTree = "<group>"; };
		70DE244A1C2A00210050C2B8 /* RWAskCreationistsViewController.xib */ = {isa = PBXFileReference; fileEncoding = 4; lastKnownFileType = file.xib; path = RWAskCreationistsViewController.xib; sourceTree = "<group>"; };
		70DE244C1C2A02400050C2B8 /* RWEvolutionObject.swift */ = {isa = PBXFileReference; fileEncoding = 4; lastKnownFileType = sourcecode.swift; path = RWEvolutionObject.swift; sourceTree = "<group>"; };
		70DE244E1C2A027D0050C2B8 /* RWEvolutionViewModel.swift */ = {isa = PBXFileReference; fileEncoding = 4; lastKnownFileType = sourcecode.swift; path = RWEvolutionViewModel.swift; sourceTree = "<group>"; };
		70DE24501C2A039F0050C2B8 /* RWEvolutionViewController.swift */ = {isa = PBXFileReference; fileEncoding = 4; lastKnownFileType = sourcecode.swift; path = RWEvolutionViewController.swift; sourceTree = "<group>"; };
		70DE24521C2A04B60050C2B8 /* RWQuoteObject.swift */ = {isa = PBXFileReference; fileEncoding = 4; lastKnownFileType = sourcecode.swift; path = RWQuoteObject.swift; sourceTree = "<group>"; };
		70DE24541C2A05250050C2B8 /* RWQuoteViewModel.swift */ = {isa = PBXFileReference; fileEncoding = 4; lastKnownFileType = sourcecode.swift; path = RWQuoteViewModel.swift; sourceTree = "<group>"; };
		70DE24561C2A07D00050C2B8 /* RWQuotesViewController.swift */ = {isa = PBXFileReference; fileEncoding = 4; lastKnownFileType = sourcecode.swift; path = RWQuotesViewController.swift; sourceTree = "<group>"; };
		70DE24581C2A091E0050C2B8 /* RWEvolutionViewController.xib */ = {isa = PBXFileReference; fileEncoding = 4; lastKnownFileType = file.xib; path = RWEvolutionViewController.xib; sourceTree = "<group>"; };
		70DE245A1C2A09C70050C2B8 /* RWQuotesViewController.xib */ = {isa = PBXFileReference; fileEncoding = 4; lastKnownFileType = file.xib; path = RWQuotesViewController.xib; sourceTree = "<group>"; };
		70DE245C1C2A0E9F0050C2B8 /* RWPodcastPlayerViewController.swift */ = {isa = PBXFileReference; fileEncoding = 4; lastKnownFileType = sourcecode.swift; path = RWPodcastPlayerViewController.swift; sourceTree = "<group>"; };
		70DE245E1C2A0EE00050C2B8 /* RWPodcastPlayerViewController.xib */ = {isa = PBXFileReference; fileEncoding = 4; lastKnownFileType = file.xib; path = RWPodcastPlayerViewController.xib; sourceTree = "<group>"; };
		70E0EE431C29C26300E647DE /* RWDebaterTopicTableViewCell.swift */ = {isa = PBXFileReference; fileEncoding = 4; lastKnownFileType = sourcecode.swift; path = RWDebaterTopicTableViewCell.swift; sourceTree = "<group>"; };
		70E0EE451C29C2A200E647DE /* RWDebaterTopicTableViewCell.xib */ = {isa = PBXFileReference; fileEncoding = 4; lastKnownFileType = file.xib; path = RWDebaterTopicTableViewCell.xib; sourceTree = "<group>"; };
		70EDD4BD1CF2695700953480 /* PayPalPaymentViewController.storyboard */ = {isa = PBXFileReference; fileEncoding = 4; lastKnownFileType = file.storyboard; path = PayPalPaymentViewController.storyboard; sourceTree = "<group>"; };
/* End PBXFileReference section */

/* Begin PBXFrameworksBuildPhase section */
		1F45DDA41B2E51FF00086116 /* Frameworks */ = {
			isa = PBXFrameworksBuildPhase;
			buildActionMask = 2147483647;
			files = (
				70CEF3F51CA3318400630BD1 /* CoreMedia.framework in Frameworks */,
				70CEF3F11CA3317300630BD1 /* AVFoundation.framework in Frameworks */,
				1F5D5CF41B4B7A3F0074FBC8 /* AudioToolbox.framework in Frameworks */,
			);
			runOnlyForDeploymentPostprocessing = 0;
		};
		1F45DDC01B2E51FF00086116 /* Frameworks */ = {
			isa = PBXFrameworksBuildPhase;
			buildActionMask = 2147483647;
			files = (
			);
			runOnlyForDeploymentPostprocessing = 0;
		};
/* End PBXFrameworksBuildPhase section */

/* Begin PBXGroup section */
		1F45DD9E1B2E51FF00086116 = {
			isa = PBXGroup;
			children = (
				70CEF3F41CA3318400630BD1 /* CoreMedia.framework */,
				1F5D5CED1B4B73BA0074FBC8 /* AVKit.framework */,
				1F5D5CE81B4B713F0074FBC8 /* CoreAudio.framework */,
				1F5D5CE61B4B712E0074FBC8 /* AVFoundation.framework */,
				1F5D5CE41B4B71280074FBC8 /* AudioToolbox.framework */,
				1F45DDA91B2E51FF00086116 /* Dogma Debate */,
				1F45DDC61B2E51FF00086116 /* DogmaDebateTests */,
				1F45DDA81B2E51FF00086116 /* Products */,
			);
			sourceTree = "<group>";
		};
		1F45DDA81B2E51FF00086116 /* Products */ = {
			isa = PBXGroup;
			children = (
				1F45DDA71B2E51FF00086116 /* Dogma Debate.app */,
				1F45DDC31B2E51FF00086116 /* DogmaDebateTests.xctest */,
			);
			name = Products;
			sourceTree = "<group>";
		};
		1F45DDA91B2E51FF00086116 /* Dogma Debate */ = {
			isa = PBXGroup;
			children = (
				1F45DDBC1B2E51FF00086116 /* LaunchScreen.xib */,
				1F45DDBA1B2E51FF00086116 /* Images.xcassets */,
				701E181A1C4338AA005D7339 /* AppDelegate */,
				703600E01D008E4900D3746D /* Extensions */,
				70DB18151C6B8CD700A2A451 /* Managers */,
				701E18191C433895005D7339 /* Operations */,
				1F528DAA1C14FB8000FDAD50 /* View Models */,
				1F45DDE61B2F151000086116 /* Model */,
				1F45DDD81B2E580E00086116 /* Views */,
				1F45DDD31B2E534900086116 /* Controllers */,
				1F45DDAA1B2E51FF00086116 /* Supporting Files */,
				1F528DA21BFAC96C00FDAD50 /* DogmaDebate-Bridging-Header.h */,
			);
			name = "Dogma Debate";
			path = DogmaDebate;
			sourceTree = "<group>";
		};
		1F45DDAA1B2E51FF00086116 /* Supporting Files */ = {
			isa = PBXGroup;
			children = (
				70BFE7D11C3E039E004A5D1A /* Clips */,
				1F45DDAB1B2E51FF00086116 /* Info.plist */,
				1F27EAD91C27713D00D8FF5A /* atheism.plist */,
				1F27EADB1C27714C00D8FF5A /* creationists.plist */,
				703600E31D009BF400D3746D /* contradictions.plist */,
				1F27EADF1C27716E00D8FF5A /* evolution.plist */,
				1F27EAE11C2771BD00D8FF5A /* smalley.plist */,
				70BFE7D31C3E043F004A5D1A /* sounds.plist */,
				1F45DDAC1B2E51FF00086116 /* main.m */,
			);
			name = "Supporting Files";
			sourceTree = "<group>";
		};
		1F45DDC61B2E51FF00086116 /* DogmaDebateTests */ = {
			isa = PBXGroup;
			children = (
				1F45DDC91B2E51FF00086116 /* DogmaDebateTests.m */,
				1F45DDC71B2E51FF00086116 /* Supporting Files */,
			);
			path = DogmaDebateTests;
			sourceTree = "<group>";
		};
		1F45DDC71B2E51FF00086116 /* Supporting Files */ = {
			isa = PBXGroup;
			children = (
				1F45DDC81B2E51FF00086116 /* Info.plist */,
			);
			name = "Supporting Files";
			sourceTree = "<group>";
		};
		1F45DDD31B2E534900086116 /* Controllers */ = {
			isa = PBXGroup;
			children = (
				1F45DE451B3C5AFF00086116 /* RWCollectionViewController.h */,
				1F45DE461B3C5AFF00086116 /* RWCollectionViewController.m */,
				1F45DE471B3C5AFF00086116 /* RWCollectionViewController.xib */,
				1F45DDFC1B3A04DA00086116 /* RWMoreViewController.h */,
				1F45DDFD1B3A04DA00086116 /* RWMoreViewController.m */,
				1F45DDFE1B3A04DA00086116 /* RWMoreViewController.xib */,
				1F5D5CA41B4635210074FBC8 /* RWPodcastViewController.h */,
				1F5D5CA51B4635210074FBC8 /* RWPodcastViewController.m */,
				1F5D5CB41B46E79A0074FBC8 /* RWFourthListenerViewController.xib */,
				1F5D5CBB1B46F4CA0074FBC8 /* RWFourthLoginViewController.xib */,
				1F5D5CC01B47264C0074FBC8 /* RWAboutUsViewController.h */,
				1F5D5CC11B47264C0074FBC8 /* RWAboutUsViewController.m */,
				1F5D5CC21B47264C0074FBC8 /* RWAboutUsViewController.xib */,
				1F5D5CD21B473E0B0074FBC8 /* RWPartnerViewController.h */,
				1F5D5CD31B473E0B0074FBC8 /* RWPartnerViewController.m */,
				1F5D5CD41B473E0B0074FBC8 /* RWPartnerViewController.xib */,
				1F5D5CDD1B4769F30074FBC8 /* RWFAQViewController.h */,
				1F5D5CDE1B4769F30074FBC8 /* RWFAQViewController.m */,
				1F5D5CDF1B4769F30074FBC8 /* RWFAQViewController.xib */,
				1F73FC401C15044B0050FB28 /* RWPodcastsViewController.swift */,
				1FE4DE9B1C17B4A30092575D /* RWPodcastsViewController.xib */,
				1F27EAE31C27732700D8FF5A /* RWDebaterViewController.swift */,
				1F27EAE51C2773FE00D8FF5A /* RWDebaterViewController.xib */,
				702917251C28C82B00F64075 /* RWBibleViewController.swift */,
				703600E71D009F2400D3746D /* RWBibleViewController.storyboard */,
				702917291C28CA4200F64075 /* RWDebateTopicsViewController.swift */,
				7029172B1C28CAC700F64075 /* RWDebateTopicsViewController.xib */,
				70DE24481C29FF880050C2B8 /* RWAskCreationistsViewController.swift */,
				70DE244A1C2A00210050C2B8 /* RWAskCreationistsViewController.xib */,
				70DE24501C2A039F0050C2B8 /* RWEvolutionViewController.swift */,
				70DE24581C2A091E0050C2B8 /* RWEvolutionViewController.xib */,
				70DE24561C2A07D00050C2B8 /* RWQuotesViewController.swift */,
				70DE245A1C2A09C70050C2B8 /* RWQuotesViewController.xib */,
				70DE245C1C2A0E9F0050C2B8 /* RWPodcastPlayerViewController.swift */,
				70DE245E1C2A0EE00050C2B8 /* RWPodcastPlayerViewController.xib */,
				70BFE7D51C3E06BF004A5D1A /* RWDropsViewController.swift */,
				70BFE7DB1C3E0955004A5D1A /* RWDropsViewController.xib */,
				7088767A1CACBA9E0089DC73 /* RWSignUpViewController.xib */,
				70A1B3021CEE97E000B97840 /* RWMoviePlayerController.storyboard */,
				70A1B3111CEFB14100B97840 /* RWMemberPackageViewController.swift */,
				70A1B30F1CEFB12D00B97840 /* RWMemberPackageViewController.storyboard */,
				70EDD4BD1CF2695700953480 /* PayPalPaymentViewController.storyboard */,
				700DCD9D1CF60C3F00433925 /* RWSignUpWebViewController.swift */,
				700DCD951CF60BA000433925 /* RWSignUpWebViewController.storyboard */,
			);
			name = Controllers;
			sourceTree = "<group>";
		};
		1F45DDD81B2E580E00086116 /* Views */ = {
			isa = PBXGroup;
			children = (
				1F45DDDB1B2E588F00086116 /* RWPodcastCollectionViewCell.xib */,
				1F45DE031B3AE52F00086116 /* RWMoreTableViewCell.h */,
				1F45DE041B3AE52F00086116 /* RWMoreTableViewCell.m */,
				1F45DE051B3AE52F00086116 /* RWMoreTableViewCell.xib */,
				1F45DE151B3B37E800086116 /* RWEventTableViewCell.h */,
				1F45DE161B3B37E800086116 /* RWEventTableViewCell.m */,
				1F45DE171B3B37E800086116 /* RWEventTableViewCell.xib */,
				1F45DE1F1B3B488C00086116 /* RWEventHeaderView.h */,
				1F45DE201B3B488C00086116 /* RWEventHeaderView.m */,
				1F45DE1C1B3B46DC00086116 /* RWEventHeaderView.xib */,
				1F45DE2A1B3B546700086116 /* RWStyleControls.h */,
				1F45DE2B1B3B546700086116 /* RWStyleControls.m */,
				1F45DE4C1B3C8B6F00086116 /* RWCollectionViewCell.h */,
				1F45DE4D1B3C8B6F00086116 /* RWCollectionViewCell.m */,
				1F45DE4E1B3C8B6F00086116 /* RWCollectionViewCell.xib */,
				1F45DE5A1B40743100086116 /* RWCollectionViewTransitionAnimator.h */,
				1F45DE5B1B40743100086116 /* RWCollectionViewTransitionAnimator.m */,
				1F5D5CC71B4727140074FBC8 /* RWAboutUsTableViewCell.h */,
				1F5D5CC81B4727140074FBC8 /* RWAboutUsTableViewCell.m */,
				1F5D5CC91B4727140074FBC8 /* RWAboutUsTableViewCell.xib */,
				1FE4DEA41C1A62D50092575D /* RWPodcastCollectionViewCell.swift */,
				1F27EAE91C27811F00D8FF5A /* RWDebaterCollectionViewCell.xib */,
				1F27EAEB1C27815100D8FF5A /* RWDebaterCollectionViewCell.swift */,
				70E0EE431C29C26300E647DE /* RWDebaterTopicTableViewCell.swift */,
				70E0EE451C29C2A200E647DE /* RWDebaterTopicTableViewCell.xib */,
				70BFE7D71C3E07EA004A5D1A /* RWDropsTableViewCell.swift */,
				70BFE7D91C3E082C004A5D1A /* RWDropsTableViewCell.xib */,
				708876881CD5A8320089DC73 /* UIWidgetCustomizer.swift */,
				700DCDA11CF7650100433925 /* RWQuoteTableViewCell.swift */,
				700DCDA31CF7682900433925 /* RWQuoteTableViewCell.xib */,
			);
			name = Views;
			sourceTree = "<group>";
		};
		1F45DDE61B2F151000086116 /* Model */ = {
			isa = PBXGroup;
			children = (
				1F5D5CCE1B472BE80074FBC8 /* RWStaffInfo.h */,
				1F5D5CCF1B472BE80074FBC8 /* RWStaffInfo.m */,
				1F5D5CD91B473EA00074FBC8 /* RWPartner.h */,
				1F5D5CDA1B473EA00074FBC8 /* RWPartner.m */,
				1F528DA61BFE8FF100FDAD50 /* RWPodcast.swift */,
				7029172F1C28DCC600F64075 /* RWAtheismObject.swift */,
				70DE24441C29FD420050C2B8 /* RWCreationistObject.swift */,
				70DE244C1C2A02400050C2B8 /* RWEvolutionObject.swift */,
				70DE24521C2A04B60050C2B8 /* RWQuoteObject.swift */,
				70BFE7DF1C3E0BCE004A5D1A /* RWDrop.swift */,
				703600E51D009C7E00D3746D /* RWBibleObject.swift */,
			);
			name = Model;
			sourceTree = "<group>";
		};
		1F528DAA1C14FB8000FDAD50 /* View Models */ = {
			isa = PBXGroup;
			children = (
				1F27EAE71C2777AF00D8FF5A /* RWDebaterViewModel.swift */,
				1F528DAB1C14FBA800FDAD50 /* RWPodcastsViewModel.swift */,
				1FE4DEA01C17C70B0092575D /* DogmaDebateProtocol.swift */,
				1FE4DEA21C1A605E0092575D /* RWPodcastCellViewModel.swift */,
				702917271C28C9CF00F64075 /* RWBibleViewModel.swift */,
				7029172D1C28CB6E00F64075 /* RWDebateTopicsViewModel.swift */,
				70DE24461C29FDD10050C2B8 /* RWAskCreationistsViewModel.swift */,
				70DE244E1C2A027D0050C2B8 /* RWEvolutionViewModel.swift */,
				70DE24541C2A05250050C2B8 /* RWQuoteViewModel.swift */,
				70BFE7DD1C3E09CC004A5D1A /* RWDropsViewModel.swift */,
				701E181D1C434FA1005D7339 /* RWFourthLoginViewModel.swift */,
			);
			name = "View Models";
			sourceTree = "<group>";
		};
		701E18191C433895005D7339 /* Operations */ = {
			isa = PBXGroup;
			children = (
				1F528DA31BFAC96D00FDAD50 /* DDPodcastOperation.swift */,
			);
			name = Operations;
			sourceTree = "<group>";
		};
		701E181A1C4338AA005D7339 /* AppDelegate */ = {
			isa = PBXGroup;
			children = (
				1F45DDAE1B2E51FF00086116 /* AppDelegate.h */,
				1F45DDAF1B2E51FF00086116 /* AppDelegate.m */,
			);
			name = AppDelegate;
			sourceTree = "<group>";
		};
		703600E01D008E4900D3746D /* Extensions */ = {
			isa = PBXGroup;
			children = (
				703600E11D008E6D00D3746D /* UIDeviceExtension.swift */,
			);
			name = Extensions;
			sourceTree = "<group>";
		};
		70DB18151C6B8CD700A2A451 /* Managers */ = {
			isa = PBXGroup;
			children = (
			);
			name = Managers;
			sourceTree = "<group>";
		};
/* End PBXGroup section */

/* Begin PBXNativeTarget section */
		1F45DDA61B2E51FF00086116 /* DogmaDebate */ = {
			isa = PBXNativeTarget;
			buildConfigurationList = 1F45DDCD1B2E51FF00086116 /* Build configuration list for PBXNativeTarget "DogmaDebate" */;
			buildPhases = (
				1F45DDA31B2E51FF00086116 /* Sources */,
				1F45DDA41B2E51FF00086116 /* Frameworks */,
				1F45DDA51B2E51FF00086116 /* Resources */,
			);
			buildRules = (
			);
			dependencies = (
			);
			name = DogmaDebate;
			productName = DogmaDebate;
			productReference = 1F45DDA71B2E51FF00086116 /* Dogma Debate.app */;
			productType = "com.apple.product-type.application";
		};
		1F45DDC21B2E51FF00086116 /* DogmaDebateTests */ = {
			isa = PBXNativeTarget;
			buildConfigurationList = 1F45DDD01B2E51FF00086116 /* Build configuration list for PBXNativeTarget "DogmaDebateTests" */;
			buildPhases = (
				1F45DDBF1B2E51FF00086116 /* Sources */,
				1F45DDC01B2E51FF00086116 /* Frameworks */,
				1F45DDC11B2E51FF00086116 /* Resources */,
			);
			buildRules = (
			);
			dependencies = (
				1F45DDC51B2E51FF00086116 /* PBXTargetDependency */,
			);
			name = DogmaDebateTests;
			productName = DogmaDebateTests;
			productReference = 1F45DDC31B2E51FF00086116 /* DogmaDebateTests.xctest */;
			productType = "com.apple.product-type.bundle.unit-test";
		};
/* End PBXNativeTarget section */

/* Begin PBXProject section */
		1F45DD9F1B2E51FF00086116 /* Project object */ = {
			isa = PBXProject;
			attributes = {
				LastSwiftUpdateCheck = 0710;
				LastUpgradeCheck = 0730;
				ORGANIZATIONNAME = RondaleWilliams;
				TargetAttributes = {
					1F45DDA61B2E51FF00086116 = {
						CreatedOnToolsVersion = 6.3.2;
						DevelopmentTeam = MTU73GAGZ6;
					};
					1F45DDC21B2E51FF00086116 = {
						CreatedOnToolsVersion = 6.3.2;
						TestTargetID = 1F45DDA61B2E51FF00086116;
					};
				};
			};
			buildConfigurationList = 1F45DDA21B2E51FF00086116 /* Build configuration list for PBXProject "DogmaDebate" */;
			compatibilityVersion = "Xcode 3.2";
			developmentRegion = English;
			hasScannedForEncodings = 0;
			knownRegions = (
				en,
				Base,
			);
			mainGroup = 1F45DD9E1B2E51FF00086116;
			productRefGroup = 1F45DDA81B2E51FF00086116 /* Products */;
			projectDirPath = "";
			projectRoot = "";
			targets = (
				1F45DDA61B2E51FF00086116 /* DogmaDebate */,
				1F45DDC21B2E51FF00086116 /* DogmaDebateTests */,
			);
		};
/* End PBXProject section */

/* Begin PBXResourcesBuildPhase section */
		1F45DDA51B2E51FF00086116 /* Resources */ = {
			isa = PBXResourcesBuildPhase;
			buildActionMask = 2147483647;
			files = (
				70BFE7D21C3E039E004A5D1A /* Clips in Resources */,
				70DE245B1C2A09C70050C2B8 /* RWQuotesViewController.xib in Resources */,
				703600E41D009BF400D3746D /* contradictions.plist in Resources */,
				1F45DDBE1B2E51FF00086116 /* LaunchScreen.xib in Resources */,
				70A1B3031CEE97E000B97840 /* RWMoviePlayerController.storyboard in Resources */,
				1F27EAE21C2771BD00D8FF5A /* smalley.plist in Resources */,
				1F5D5CD71B473E0B0074FBC8 /* RWPartnerViewController.xib in Resources */,
				1F45DE011B3A04DA00086116 /* RWMoreViewController.xib in Resources */,
				70BFE7DC1C3E0955004A5D1A /* RWDropsViewController.xib in Resources */,
				1F45DDDC1B2E588F00086116 /* RWPodcastCollectionViewCell.xib in Resources */,
				1F27EAE61C2773FE00D8FF5A /* RWDebaterViewController.xib in Resources */,
				1F5D5CB71B46E79A0074FBC8 /* RWFourthListenerViewController.xib in Resources */,
				70DE245F1C2A0EE00050C2B8 /* RWPodcastPlayerViewController.xib in Resources */,
				7029172C1C28CAC700F64075 /* RWDebateTopicsViewController.xib in Resources */,
				1F27EADA1C27713D00D8FF5A /* atheism.plist in Resources */,
				703600E81D009F2400D3746D /* RWBibleViewController.storyboard in Resources */,
				7088767B1CACBA9E0089DC73 /* RWSignUpViewController.xib in Resources */,
				1F45DE511B3C8B6F00086116 /* RWCollectionViewCell.xib in Resources */,
				70DE244B1C2A00210050C2B8 /* RWAskCreationistsViewController.xib in Resources */,
				700DCDA41CF7682900433925 /* RWQuoteTableViewCell.xib in Resources */,
				1F5D5CC51B47264C0074FBC8 /* RWAboutUsViewController.xib in Resources */,
				70A1B3101CEFB12D00B97840 /* RWMemberPackageViewController.storyboard in Resources */,
				70EDD4BE1CF2695700953480 /* PayPalPaymentViewController.storyboard in Resources */,
				1F45DE4A1B3C5AFF00086116 /* RWCollectionViewController.xib in Resources */,
				1FE4DE9C1C17B4A30092575D /* RWPodcastsViewController.xib in Resources */,
				1F45DE081B3AE52F00086116 /* RWMoreTableViewCell.xib in Resources */,
				700DCD961CF60BA000433925 /* RWSignUpWebViewController.storyboard in Resources */,
				1F45DDBB1B2E51FF00086116 /* Images.xcassets in Resources */,
				1F5D5CE21B4769F30074FBC8 /* RWFAQViewController.xib in Resources */,
				70E0EE461C29C2A200E647DE /* RWDebaterTopicTableViewCell.xib in Resources */,
				1F5D5CBE1B46F4CA0074FBC8 /* RWFourthLoginViewController.xib in Resources */,
				1F27EADC1C27714C00D8FF5A /* creationists.plist in Resources */,
				1F27EAE01C27716E00D8FF5A /* evolution.plist in Resources */,
				1F45DE1D1B3B46DC00086116 /* RWEventHeaderView.xib in Resources */,
				70DE24591C2A091E0050C2B8 /* RWEvolutionViewController.xib in Resources */,
				1F27EAEA1C27811F00D8FF5A /* RWDebaterCollectionViewCell.xib in Resources */,
				70BFE7D41C3E043F004A5D1A /* sounds.plist in Resources */,
				70BFE7DA1C3E082C004A5D1A /* RWDropsTableViewCell.xib in Resources */,
				1F5D5CCC1B4727140074FBC8 /* RWAboutUsTableViewCell.xib in Resources */,
				1F45DE1A1B3B37E800086116 /* RWEventTableViewCell.xib in Resources */,
			);
			runOnlyForDeploymentPostprocessing = 0;
		};
		1F45DDC11B2E51FF00086116 /* Resources */ = {
			isa = PBXResourcesBuildPhase;
			buildActionMask = 2147483647;
			files = (
				1F5D5CD81B473E0B0074FBC8 /* RWPartnerViewController.xib in Resources */,
				1F45DE1E1B3B46DC00086116 /* RWEventHeaderView.xib in Resources */,
				1F45DDDD1B2E588F00086116 /* RWPodcastCollectionViewCell.xib in Resources */,
				1F45DE521B3C8B6F00086116 /* RWCollectionViewCell.xib in Resources */,
				1F45DE021B3A04DA00086116 /* RWMoreViewController.xib in Resources */,
				1F5D5CB81B46E79A0074FBC8 /* RWFourthListenerViewController.xib in Resources */,
				1F5D5CC61B47264C0074FBC8 /* RWAboutUsViewController.xib in Resources */,
				1F45DE4B1B3C5AFF00086116 /* RWCollectionViewController.xib in Resources */,
				1F5D5CCD1B4727140074FBC8 /* RWAboutUsTableViewCell.xib in Resources */,
				1F45DE1B1B3B37E800086116 /* RWEventTableViewCell.xib in Resources */,
				1F5D5CE31B4769F30074FBC8 /* RWFAQViewController.xib in Resources */,
				1F5D5CBF1B46F4CA0074FBC8 /* RWFourthLoginViewController.xib in Resources */,
				1F45DE091B3AE52F00086116 /* RWMoreTableViewCell.xib in Resources */,
			);
			runOnlyForDeploymentPostprocessing = 0;
		};
/* End PBXResourcesBuildPhase section */

/* Begin PBXSourcesBuildPhase section */
		1F45DDA31B2E51FF00086116 /* Sources */ = {
			isa = PBXSourcesBuildPhase;
			buildActionMask = 2147483647;
			files = (
				1F45DE211B3B488C00086116 /* RWEventHeaderView.m in Sources */,
				70DE244D1C2A02400050C2B8 /* RWEvolutionObject.swift in Sources */,
				1F27EAEC1C27815100D8FF5A /* RWDebaterCollectionViewCell.swift in Sources */,
				1F5D5CDB1B473EA00074FBC8 /* RWPartner.m in Sources */,
				1F73FC411C15044B0050FB28 /* RWPodcastsViewController.swift in Sources */,
				1F45DE4F1B3C8B6F00086116 /* RWCollectionViewCell.m in Sources */,
				1FE4DEA31C1A605E0092575D /* RWPodcastCellViewModel.swift in Sources */,
				7029172E1C28CB6E00F64075 /* RWDebateTopicsViewModel.swift in Sources */,
				70DE24451C29FD420050C2B8 /* RWCreationistObject.swift in Sources */,
				702917261C28C82B00F64075 /* RWBibleViewController.swift in Sources */,
				700DCD9E1CF60C3F00433925 /* RWSignUpWebViewController.swift in Sources */,
				70A1B3121CEFB14100B97840 /* RWMemberPackageViewController.swift in Sources */,
				1F5D5CA71B4635210074FBC8 /* RWPodcastViewController.m in Sources */,
				7029172A1C28CA4200F64075 /* RWDebateTopicsViewController.swift in Sources */,
				1F45DE061B3AE52F00086116 /* RWMoreTableViewCell.m in Sources */,
				708876891CD5A8320089DC73 /* UIWidgetCustomizer.swift in Sources */,
				703600E61D009C7E00D3746D /* RWBibleObject.swift in Sources */,
				1F45DE2C1B3B546700086116 /* RWStyleControls.m in Sources */,
				1F528DA71BFE8FF100FDAD50 /* RWPodcast.swift in Sources */,
				70DE24471C29FDD10050C2B8 /* RWAskCreationistsViewModel.swift in Sources */,
				1F45DDB01B2E51FF00086116 /* AppDelegate.m in Sources */,
				70E0EE441C29C26300E647DE /* RWDebaterTopicTableViewCell.swift in Sources */,
				1F5D5CD01B472BE80074FBC8 /* RWStaffInfo.m in Sources */,
				70BFE7D81C3E07EA004A5D1A /* RWDropsTableViewCell.swift in Sources */,
				70DE24551C2A05250050C2B8 /* RWQuoteViewModel.swift in Sources */,
				70BFE7DE1C3E09CC004A5D1A /* RWDropsViewModel.swift in Sources */,
				1F27EAE81C2777AF00D8FF5A /* RWDebaterViewModel.swift in Sources */,
				70DE24531C2A04B60050C2B8 /* RWQuoteObject.swift in Sources */,
				1FE4DEA51C1A62D50092575D /* RWPodcastCollectionViewCell.swift in Sources */,
				1F528DAC1C14FBA800FDAD50 /* RWPodcastsViewModel.swift in Sources */,
				70DE244F1C2A027D0050C2B8 /* RWEvolutionViewModel.swift in Sources */,
				1F5D5CD51B473E0B0074FBC8 /* RWPartnerViewController.m in Sources */,
				1FE4DEA11C17C70B0092575D /* DogmaDebateProtocol.swift in Sources */,
				703600E21D008E6D00D3746D /* UIDeviceExtension.swift in Sources */,
				1F45DE5C1B40743100086116 /* RWCollectionViewTransitionAnimator.m in Sources */,
				702917301C28DCC600F64075 /* RWAtheismObject.swift in Sources */,
				700DCDA21CF7650100433925 /* RWQuoteTableViewCell.swift in Sources */,
				1F5D5CCA1B4727140074FBC8 /* RWAboutUsTableViewCell.m in Sources */,
				1F5D5CE01B4769F30074FBC8 /* RWFAQViewController.m in Sources */,
				1F45DE481B3C5AFF00086116 /* RWCollectionViewController.m in Sources */,
				701E181E1C434FA1005D7339 /* RWFourthLoginViewModel.swift in Sources */,
				1F27EAE41C27732700D8FF5A /* RWDebaterViewController.swift in Sources */,
				70DE24511C2A039F0050C2B8 /* RWEvolutionViewController.swift in Sources */,
				1F5D5CC31B47264C0074FBC8 /* RWAboutUsViewController.m in Sources */,
				70BFE7D61C3E06BF004A5D1A /* RWDropsViewController.swift in Sources */,
				702917281C28C9CF00F64075 /* RWBibleViewModel.swift in Sources */,
				70DE24571C2A07D00050C2B8 /* RWQuotesViewController.swift in Sources */,
				70DE24491C29FF880050C2B8 /* RWAskCreationistsViewController.swift in Sources */,
				70DE245D1C2A0E9F0050C2B8 /* RWPodcastPlayerViewController.swift in Sources */,
				70BFE7E01C3E0BCE004A5D1A /* RWDrop.swift in Sources */,
				1F45DE181B3B37E800086116 /* RWEventTableViewCell.m in Sources */,
				1F45DDAD1B2E51FF00086116 /* main.m in Sources */,
				1F45DDFF1B3A04DA00086116 /* RWMoreViewController.m in Sources */,
				1F528DA41BFAC96D00FDAD50 /* DDPodcastOperation.swift in Sources */,
			);
			runOnlyForDeploymentPostprocessing = 0;
		};
		1F45DDBF1B2E51FF00086116 /* Sources */ = {
			isa = PBXSourcesBuildPhase;
			buildActionMask = 2147483647;
			files = (
				1F5D5CA81B4635210074FBC8 /* RWPodcastViewController.m in Sources */,
				1F45DE071B3AE52F00086116 /* RWMoreTableViewCell.m in Sources */,
				1F5D5CCB1B4727140074FBC8 /* RWAboutUsTableViewCell.m in Sources */,
				1F5D5CC41B47264C0074FBC8 /* RWAboutUsViewController.m in Sources */,
				1F45DE5D1B40743100086116 /* RWCollectionViewTransitionAnimator.m in Sources */,
				1F45DE491B3C5AFF00086116 /* RWCollectionViewController.m in Sources */,
				1F5D5CD11B472BE80074FBC8 /* RWStaffInfo.m in Sources */,
				1F45DE2D1B3B546700086116 /* RWStyleControls.m in Sources */,
				1F5D5CDC1B473EA00074FBC8 /* RWPartner.m in Sources */,
				1F45DDCA1B2E51FF00086116 /* DogmaDebateTests.m in Sources */,
				1F5D5CD61B473E0B0074FBC8 /* RWPartnerViewController.m in Sources */,
				1F45DE501B3C8B6F00086116 /* RWCollectionViewCell.m in Sources */,
				1F45DE001B3A04DA00086116 /* RWMoreViewController.m in Sources */,
				1F5D5CE11B4769F30074FBC8 /* RWFAQViewController.m in Sources */,
				1F45DE191B3B37E800086116 /* RWEventTableViewCell.m in Sources */,
				1F45DE221B3B488C00086116 /* RWEventHeaderView.m in Sources */,
			);
			runOnlyForDeploymentPostprocessing = 0;
		};
/* End PBXSourcesBuildPhase section */

/* Begin PBXTargetDependency section */
		1F45DDC51B2E51FF00086116 /* PBXTargetDependency */ = {
			isa = PBXTargetDependency;
			target = 1F45DDA61B2E51FF00086116 /* DogmaDebate */;
			targetProxy = 1F45DDC41B2E51FF00086116 /* PBXContainerItemProxy */;
		};
/* End PBXTargetDependency section */

/* Begin PBXVariantGroup section */
		1F45DDBC1B2E51FF00086116 /* LaunchScreen.xib */ = {
			isa = PBXVariantGroup;
			children = (
				1F45DDBD1B2E51FF00086116 /* Base */,
			);
			name = LaunchScreen.xib;
			sourceTree = "<group>";
		};
/* End PBXVariantGroup section */

/* Begin XCBuildConfiguration section */
		1F45DDCB1B2E51FF00086116 /* Debug */ = {
			isa = XCBuildConfiguration;
			buildSettings = {
				ALWAYS_SEARCH_USER_PATHS = NO;
				CLANG_CXX_LANGUAGE_STANDARD = "gnu++0x";
				CLANG_CXX_LIBRARY = "libc++";
				CLANG_ENABLE_MODULES = YES;
				CLANG_ENABLE_OBJC_ARC = YES;
				CLANG_WARN_BOOL_CONVERSION = YES;
				CLANG_WARN_CONSTANT_CONVERSION = YES;
				CLANG_WARN_DIRECT_OBJC_ISA_USAGE = YES_ERROR;
				CLANG_WARN_EMPTY_BODY = YES;
				CLANG_WARN_ENUM_CONVERSION = YES;
				CLANG_WARN_INT_CONVERSION = YES;
				CLANG_WARN_OBJC_ROOT_CLASS = YES_ERROR;
				CLANG_WARN_UNREACHABLE_CODE = YES;
				CLANG_WARN__DUPLICATE_METHOD_MATCH = YES;
				"CODE_SIGN_IDENTITY[sdk=iphoneos*]" = "iPhone Developer";
				COPY_PHASE_STRIP = NO;
				DEBUG_INFORMATION_FORMAT = "dwarf-with-dsym";
				ENABLE_STRICT_OBJC_MSGSEND = YES;
				ENABLE_TESTABILITY = YES;
				GCC_C_LANGUAGE_STANDARD = gnu99;
				GCC_DYNAMIC_NO_PIC = NO;
				GCC_NO_COMMON_BLOCKS = YES;
				GCC_OPTIMIZATION_LEVEL = 0;
				GCC_PREPROCESSOR_DEFINITIONS = (
					"DEBUG=1",
					"$(inherited)",
				);
				GCC_SYMBOLS_PRIVATE_EXTERN = NO;
				GCC_WARN_64_TO_32_BIT_CONVERSION = YES;
				GCC_WARN_ABOUT_RETURN_TYPE = YES_ERROR;
				GCC_WARN_UNDECLARED_SELECTOR = YES;
				GCC_WARN_UNINITIALIZED_AUTOS = YES_AGGRESSIVE;
				GCC_WARN_UNUSED_FUNCTION = YES;
				GCC_WARN_UNUSED_VARIABLE = YES;
				IPHONEOS_DEPLOYMENT_TARGET = 8.3;
				MTL_ENABLE_DEBUG_INFO = YES;
				ONLY_ACTIVE_ARCH = YES;
				SDKROOT = iphoneos;
			};
			name = Debug;
		};
		1F45DDCC1B2E51FF00086116 /* Release */ = {
			isa = XCBuildConfiguration;
			buildSettings = {
				ALWAYS_SEARCH_USER_PATHS = NO;
				CLANG_CXX_LANGUAGE_STANDARD = "gnu++0x";
				CLANG_CXX_LIBRARY = "libc++";
				CLANG_ENABLE_MODULES = YES;
				CLANG_ENABLE_OBJC_ARC = YES;
				CLANG_WARN_BOOL_CONVERSION = YES;
				CLANG_WARN_CONSTANT_CONVERSION = YES;
				CLANG_WARN_DIRECT_OBJC_ISA_USAGE = YES_ERROR;
				CLANG_WARN_EMPTY_BODY = YES;
				CLANG_WARN_ENUM_CONVERSION = YES;
				CLANG_WARN_INT_CONVERSION = YES;
				CLANG_WARN_OBJC_ROOT_CLASS = YES_ERROR;
				CLANG_WARN_UNREACHABLE_CODE = YES;
				CLANG_WARN__DUPLICATE_METHOD_MATCH = YES;
				"CODE_SIGN_IDENTITY[sdk=iphoneos*]" = "iPhone Developer";
				COPY_PHASE_STRIP = NO;
				DEBUG_INFORMATION_FORMAT = "dwarf-with-dsym";
				ENABLE_NS_ASSERTIONS = NO;
				ENABLE_STRICT_OBJC_MSGSEND = YES;
				GCC_C_LANGUAGE_STANDARD = gnu99;
				GCC_NO_COMMON_BLOCKS = YES;
				GCC_WARN_64_TO_32_BIT_CONVERSION = YES;
				GCC_WARN_ABOUT_RETURN_TYPE = YES_ERROR;
				GCC_WARN_UNDECLARED_SELECTOR = YES;
				GCC_WARN_UNINITIALIZED_AUTOS = YES_AGGRESSIVE;
				GCC_WARN_UNUSED_FUNCTION = YES;
				GCC_WARN_UNUSED_VARIABLE = YES;
				IPHONEOS_DEPLOYMENT_TARGET = 8.3;
				MTL_ENABLE_DEBUG_INFO = NO;
				SDKROOT = iphoneos;
				VALIDATE_PRODUCT = YES;
			};
			name = Release;
		};
		1F45DDCE1B2E51FF00086116 /* Debug */ = {
			isa = XCBuildConfiguration;
			buildSettings = {
				ASSETCATALOG_COMPILER_APPICON_NAME = AppIcon;
				CLANG_ENABLE_MODULES = YES;
				CODE_SIGN_IDENTITY = "iPhone Developer: David Smalley (NYZ9B4LL77)";
				"CODE_SIGN_IDENTITY[sdk=iphoneos*]" = "iPhone Developer: David Smalley (NYZ9B4LL77)";
				INFOPLIST_FILE = DogmaDebate/Info.plist;
				LD_RUNPATH_SEARCH_PATHS = "$(inherited) @executable_path/Frameworks";
				LIBRARY_SEARCH_PATHS = (
					"$(inherited)",
					"$(PROJECT_DIR)/DogmaDebate/PayPalMobile",
					"$(PROJECT_DIR)",
				);
				PRODUCT_BUNDLE_IDENTIFIER = "com.rondalewilliams.$(PRODUCT_NAME:rfc1034identifier)";
				PRODUCT_NAME = "Dogma Debate";
				PROVISIONING_PROFILE = "ae77bf73-dd99-4049-94e6-d00d28f49865";
				SWIFT_OBJC_BRIDGING_HEADER = "DogmaDebate/DogmaDebate-Bridging-Header.h";
				SWIFT_OPTIMIZATION_LEVEL = "-Onone";
				VALID_ARCHS = "x86_64 i386 arm64 armv7 armv7s";
			};
			name = Debug;
		};
		1F45DDCF1B2E51FF00086116 /* Release */ = {
			isa = XCBuildConfiguration;
			buildSettings = {
				"ARCHS[sdk=*]" = "$(ARCHS_STANDARD)";
				ASSETCATALOG_COMPILER_APPICON_NAME = AppIcon;
				CLANG_ENABLE_MODULES = YES;
				CODE_SIGN_IDENTITY = "iPhone Distribution: David Smalley (MTU73GAGZ6)";
				"CODE_SIGN_IDENTITY[sdk=iphoneos*]" = "iPhone Distribution: David Smalley (MTU73GAGZ6)";
				INFOPLIST_FILE = DogmaDebate/Info.plist;
				LD_RUNPATH_SEARCH_PATHS = "$(inherited) @executable_path/Frameworks";
				LIBRARY_SEARCH_PATHS = (
					"$(inherited)",
					"$(PROJECT_DIR)/DogmaDebate/PayPalMobile",
					"$(PROJECT_DIR)",
				);
				ONLY_ACTIVE_ARCH = YES;
				PRODUCT_BUNDLE_IDENTIFIER = "com.rondalewilliams.$(PRODUCT_NAME:rfc1034identifier)";
				PRODUCT_NAME = "Dogma Debate";
				PROVISIONING_PROFILE = "ae77bf73-dd99-4049-94e6-d00d28f49865";
				SWIFT_OBJC_BRIDGING_HEADER = "DogmaDebate/DogmaDebate-Bridging-Header.h";
				VALID_ARCHS = "x86_64 i386 arm64 armv7 armv7s";
			};
			name = Release;
		};
		1F45DDD11B2E51FF00086116 /* Debug */ = {
			isa = XCBuildConfiguration;
			buildSettings = {
				BUNDLE_LOADER = "$(TEST_HOST)";
				FRAMEWORK_SEARCH_PATHS = (
					"$(SDKROOT)/Developer/Library/Frameworks",
					"$(inherited)",
				);
				GCC_PREPROCESSOR_DEFINITIONS = (
					"DEBUG=1",
					"$(inherited)",
				);
				INFOPLIST_FILE = DogmaDebateTests/Info.plist;
				LD_RUNPATH_SEARCH_PATHS = "$(inherited) @executable_path/Frameworks @loader_path/Frameworks";
				PRODUCT_BUNDLE_IDENTIFIER = "com.rondalewilliams.$(PRODUCT_NAME:rfc1034identifier)";
				PRODUCT_NAME = DogmaDebateTests;
				TEST_HOST = "$(BUILT_PRODUCTS_DIR)/DogmaDebate.app/DogmaDebate";
			};
			name = Debug;
		};
		1F45DDD21B2E51FF00086116 /* Release */ = {
			isa = XCBuildConfiguration;
			buildSettings = {
				BUNDLE_LOADER = "$(TEST_HOST)";
				FRAMEWORK_SEARCH_PATHS = (
					"$(SDKROOT)/Developer/Library/Frameworks",
					"$(inherited)",
				);
				INFOPLIST_FILE = DogmaDebateTests/Info.plist;
				LD_RUNPATH_SEARCH_PATHS = "$(inherited) @executable_path/Frameworks @loader_path/Frameworks";
				PRODUCT_BUNDLE_IDENTIFIER = "com.rondalewilliams.$(PRODUCT_NAME:rfc1034identifier)";
				PRODUCT_NAME = DogmaDebateTests;
				TEST_HOST = "$(BUILT_PRODUCTS_DIR)/DogmaDebate.app/DogmaDebate";
			};
			name = Release;
		};
/* End XCBuildConfiguration section */

/* Begin XCConfigurationList section */
		1F45DDA21B2E51FF00086116 /* Build configuration list for PBXProject "DogmaDebate" */ = {
			isa = XCConfigurationList;
			buildConfigurations = (
				1F45DDCB1B2E51FF00086116 /* Debug */,
				1F45DDCC1B2E51FF00086116 /* Release */,
			);
			defaultConfigurationIsVisible = 0;
			defaultConfigurationName = Release;
		};
		1F45DDCD1B2E51FF00086116 /* Build configuration list for PBXNativeTarget "DogmaDebate" */ = {
			isa = XCConfigurationList;
			buildConfigurations = (
				1F45DDCE1B2E51FF00086116 /* Debug */,
				1F45DDCF1B2E51FF00086116 /* Release */,
			);
			defaultConfigurationIsVisible = 0;
			defaultConfigurationName = Release;
		};
		1F45DDD01B2E51FF00086116 /* Build configuration list for PBXNativeTarget "DogmaDebateTests" */ = {
			isa = XCConfigurationList;
			buildConfigurations = (
				1F45DDD11B2E51FF00086116 /* Debug */,
				1F45DDD21B2E51FF00086116 /* Release */,
			);
			defaultConfigurationIsVisible = 0;
			defaultConfigurationName = Release;
		};
/* End XCConfigurationList section */
	};
	rootObject = 1F45DD9F1B2E51FF00086116 /* Project object */;
}
